# This file is @generated by PDM.
# It is not intended for manual editing.

[[package]]
name = "arclet-alconna"
version = "1.5.0"
requires_python = ">=3.8"
summary = "A High-performance, Generality, Humane Command Line Arguments Parser Library."
dependencies = [
    "nepattern>=0.4.2",
    "typing-extensions~=4.4.0",
]

[[package]]
name = "attrs"
version = "22.1.0"
requires_python = ">=3.5"
summary = "Classes Without Boilerplate"

[[package]]
name = "colorama"
version = "0.4.5"
requires_python = ">=2.7, !=3.0.*, !=3.1.*, !=3.2.*, !=3.3.*, !=3.4.*"
summary = "Cross-platform colored terminal text."

[[package]]
name = "commonmark"
version = "0.9.1"
summary = "Python parser for the CommonMark Markdown spec"

[[package]]
name = "coverage"
version = "7.0.5"
requires_python = ">=3.7"
summary = "Code coverage measurement for Python"

[[package]]
name = "exceptiongroup"
version = "1.0.4"
requires_python = ">=3.7"
summary = "Backport of PEP 654 (exception groups)"

[[package]]
name = "iniconfig"
version = "1.1.1"
summary = "iniconfig: brain-dead simple config-ini parsing"

[[package]]
name = "nepattern"
version = "0.4.2"
requires_python = ">=3.8"
summary = "a complex pattern, support typing"
dependencies = [
    "typing-extensions~=4.4.0",
]

[[package]]
name = "packaging"
version = "21.3"
requires_python = ">=3.6"
summary = "Core utilities for Python packages"
dependencies = [
    "pyparsing!=3.0.5,>=2.0.2",
]

[[package]]
name = "pluggy"
version = "1.0.0"
requires_python = ">=3.6"
summary = "plugin and hook calling mechanisms for python"

[[package]]
name = "pygments"
version = "2.14.0"
requires_python = ">=3.6"
summary = "Pygments is a syntax highlighting package written in Python."

[[package]]
name = "pyparsing"
version = "3.0.9"
requires_python = ">=3.6.8"
summary = "pyparsing module - Classes and methods to define and execute parsing grammars"

[[package]]
name = "pytest"
version = "7.2.1"
requires_python = ">=3.7"
summary = "pytest: simple powerful testing with Python"
dependencies = [
    "attrs>=19.2.0",
    "colorama; sys_platform == \"win32\"",
    "exceptiongroup>=1.0.0rc8; python_version < \"3.11\"",
    "iniconfig",
    "packaging",
    "pluggy<2.0,>=0.12",
    "tomli>=1.0.0; python_version < \"3.11\"",
]

[[package]]
name = "rich"
version = "13.1.0"
requires_python = ">=3.7.0"
summary = "Render rich text, tables, progress bars, syntax highlighting, markdown and more to the terminal"
dependencies = [
    "commonmark<0.10.0,>=0.9.0",
    "pygments<3.0.0,>=2.6.0",
    "typing-extensions<5.0,>=4.0.0; python_version < \"3.9\"",
]

[[package]]
name = "tomli"
version = "2.0.1"
requires_python = ">=3.7"
summary = "A lil' TOML parser"

[[package]]
name = "typing-extensions"
version = "4.4.0"
requires_python = ">=3.7"
summary = "Backported and Experimental Type Hints for Python 3.7+"

[metadata]
lock_version = "4.1"
content_hash = "sha256:ff3ece8d3e52af0f8a20cb0661b7a8b3154150c882f1864fbc494c1ee813b205"

[metadata.files]
"arclet-alconna 1.5.0" = [
    {url = "https://files.pythonhosted.org/packages/07/7d/5cd5d0e11657657f34a02dd8eed29cbd972996be9f0e4526d59601d58ad6/arclet-alconna-1.5.0.tar.gz", hash = "sha256:f84c5dc513c6ced4458590e926fa7ca7f032dd7e011211d004b61fa2852fd169"},
    {url = "https://files.pythonhosted.org/packages/25/e3/c7a5c294c82252e65408a36306f93209db0fac8f559008d891dec4990933/arclet_alconna-1.5.0-py3-none-any.whl", hash = "sha256:48e4e17e0e50a8a09ab4e2759e61ec974ef244f9a056f7c2f4b42eae671cbce1"},
]
"attrs 22.1.0" = [
    {url = "https://files.pythonhosted.org/packages/1a/cb/c4ffeb41e7137b23755a45e1bfec9cbb76ecf51874c6f1d113984ecaa32c/attrs-22.1.0.tar.gz", hash = "sha256:29adc2665447e5191d0e7c568fde78b21f9672d344281d0c6e1ab085429b22b6"},
    {url = "https://files.pythonhosted.org/packages/f2/bc/d817287d1aa01878af07c19505fafd1165cd6a119e9d0821ca1d1c20312d/attrs-22.1.0-py2.py3-none-any.whl", hash = "sha256:86efa402f67bf2df34f51a335487cf46b1ec130d02b8d39fd248abfd30da551c"},
]
"colorama 0.4.5" = [
    {url = "https://files.pythonhosted.org/packages/2b/65/24d033a9325ce42ccbfa3ca2d0866c7e89cc68e5b9d92ecaba9feef631df/colorama-0.4.5.tar.gz", hash = "sha256:e6c6b4334fc50988a639d9b98aa429a0b57da6e17b9a44f0451f930b6967b7a4"},
    {url = "https://files.pythonhosted.org/packages/77/8b/7550e87b2d308a1b711725dfaddc19c695f8c5fa413c640b2be01662f4e6/colorama-0.4.5-py2.py3-none-any.whl", hash = "sha256:854bf444933e37f5824ae7bfc1e98d5bce2ebe4160d46b5edf346a89358e99da"},
]
"commonmark 0.9.1" = [
    {url = "https://files.pythonhosted.org/packages/60/48/a60f593447e8f0894ebb7f6e6c1f25dafc5e89c5879fdc9360ae93ff83f0/commonmark-0.9.1.tar.gz", hash = "sha256:452f9dc859be7f06631ddcb328b6919c67984aca654e5fefb3914d54691aed60"},
    {url = "https://files.pythonhosted.org/packages/b1/92/dfd892312d822f36c55366118b95d914e5f16de11044a27cf10a7d71bbbf/commonmark-0.9.1-py2.py3-none-any.whl", hash = "sha256:da2f38c92590f83de410ba1a3cbceafbc74fee9def35f9251ba9a971d6d66fd9"},
]
"coverage 7.0.5" = [
    {url = "https://files.pythonhosted.org/packages/01/01/8d17427fbeb0ee132111c543bfeea5ab403d6869812cf6085adc18debecf/coverage-7.0.5-cp310-cp310-manylinux_2_5_x86_64.manylinux1_x86_64.manylinux_2_17_x86_64.manylinux2014_x86_64.whl", hash = "sha256:a9fed35ca8c6e946e877893bbac022e8563b94404a605af1d1e6accc7eb73289"},
    {url = "https://files.pythonhosted.org/packages/02/d6/c095845877f235b52a7113e08e750a9210feabf059b71133e9349eccb836/coverage-7.0.5-cp38-cp38-manylinux_2_5_x86_64.manylinux1_x86_64.manylinux_2_17_x86_64.manylinux2014_x86_64.whl", hash = "sha256:95304068686545aa368b35dfda1cdfbbdbe2f6fe43de4a2e9baa8ebd71be46e2"},
    {url = "https://files.pythonhosted.org/packages/03/ba/da1510983720f5196f4c8fe01489b6ce9c4fa661fe9aa9375611e639a8d7/coverage-7.0.5-cp37-cp37m-win32.whl", hash = "sha256:d8f3e2e0a1d6777e58e834fd5a04657f66affa615dae61dd67c35d1568c38882"},
    {url = "https://files.pythonhosted.org/packages/06/45/d201ad5b5b7e44764769421fcd1a9cbb0fa3fc7bb4020d83f955e2a6fb2d/coverage-7.0.5-cp38-cp38-musllinux_1_1_i686.whl", hash = "sha256:ea76dbcad0b7b0deb265d8c36e0801abcddf6cc1395940a24e3595288b405ca0"},
    {url = "https://files.pythonhosted.org/packages/0b/0c/c1f48457a7df79c53299d56e1632d1907cc8548fe158b2c839ad8e456584/coverage-7.0.5-cp37-cp37m-manylinux_2_5_i686.manylinux1_i686.manylinux_2_17_i686.manylinux2014_i686.whl", hash = "sha256:b8c56bec53d6e3154eaff6ea941226e7bd7cc0d99f9b3756c2520fc7a94e6d96"},
    {url = "https://files.pythonhosted.org/packages/13/31/f4b97b92913e6dbffc11e1e575e01eb8fff7abaaf4b38b11208ecc362207/coverage-7.0.5-cp38-cp38-manylinux_2_17_aarch64.manylinux2014_aarch64.whl", hash = "sha256:d66187792bfe56f8c18ba986a0e4ae44856b1c645336bd2c776e3386da91e1dd"},
    {url = "https://files.pythonhosted.org/packages/16/4b/25fffab188056faf56071b38b72e8e5ae74c7f7f5f8302a764f9f915512c/coverage-7.0.5-cp39-cp39-win_amd64.whl", hash = "sha256:949844af60ee96a376aac1ded2a27e134b8c8d35cc006a52903fc06c24a3296f"},
    {url = "https://files.pythonhosted.org/packages/1d/87/65a9ac379bd840950efd5d69cf97584a4f21ef939c3d05a74edbd308aa2b/coverage-7.0.5-pp37.pp38.pp39-none-any.whl", hash = "sha256:b9727ac4f5cf2cbf87880a63870b5b9730a8ae3a4a360241a0fdaa2f71240ff0"},
    {url = "https://files.pythonhosted.org/packages/28/7c/7574b64b81d1be6fe5fb5ce9364a6c82507d474678d44c2bd69b7f40ffe9/coverage-7.0.5-cp38-cp38-win_amd64.whl", hash = "sha256:4a950f83fd3f9bca23b77442f3a2b2ea4ac900944d8af9993743774c4fdc57af"},
    {url = "https://files.pythonhosted.org/packages/29/1e/6cbbb64032ba687cc88f719556e63bb28555807ecbdf8aaedaff2e535f54/coverage-7.0.5-cp37-cp37m-musllinux_1_1_i686.whl", hash = "sha256:220e3fa77d14c8a507b2d951e463b57a1f7810a6443a26f9b7591ef39047b1b2"},
    {url = "https://files.pythonhosted.org/packages/35/51/0dd2e96c0f2cbd08fca3277ab61728e9fa1e30b4a6fbf64ec112b86ac090/coverage-7.0.5-cp38-cp38-musllinux_1_1_x86_64.whl", hash = "sha256:50a6adc2be8edd7ee67d1abc3cd20678987c7b9d79cd265de55941e3d0d56499"},
    {url = "https://files.pythonhosted.org/packages/39/ee/06bf06e1670678934b60c818ce295dea7b9c361e1adc72b4651e933f959a/coverage-7.0.5-cp38-cp38-manylinux_2_5_i686.manylinux1_i686.manylinux_2_17_i686.manylinux2014_i686.whl", hash = "sha256:276f4cd0001cd83b00817c8db76730938b1ee40f4993b6a905f40a7278103b3a"},
    {url = "https://files.pythonhosted.org/packages/3e/fc/80617dba15621700e9fee56ced5f728376a6f853e1e32181b63f64c0888a/coverage-7.0.5-cp39-cp39-macosx_10_9_x86_64.whl", hash = "sha256:3c2155943896ac78b9b0fd910fb381186d0c345911f5333ee46ac44c8f0e43ab"},
    {url = "https://files.pythonhosted.org/packages/4c/f1/c8c99bb9902df7a01ac80ca850a0fbf2c5d2bf25755841ffdb5d72c1b068/coverage-7.0.5-cp310-cp310-win32.whl", hash = "sha256:be9fcf32c010da0ba40bf4ee01889d6c737658f4ddff160bd7eb9cac8f094b21"},
    {url = "https://files.pythonhosted.org/packages/53/6c/d206426bd4896df14f88581e47198e509a376f50e3ced18bce75f31aabb5/coverage-7.0.5-cp311-cp311-macosx_11_0_arm64.whl", hash = "sha256:1caed2367b32cc80a2b7f58a9f46658218a19c6cfe5bc234021966dc3daa01f0"},
    {url = "https://files.pythonhosted.org/packages/59/95/22de7c62c8e24b17cc5c337a0523e5e9c8cf63b0e8e10e3628863681875a/coverage-7.0.5-cp38-cp38-win32.whl", hash = "sha256:e4ce984133b888cc3a46867c8b4372c7dee9cee300335e2925e197bcd45b9e16"},
    {url = "https://files.pythonhosted.org/packages/5a/79/7acd51daffd3e53f8a6f2f43543f686b46c206e6f36e2203ca2ca15d72ec/coverage-7.0.5-cp310-cp310-macosx_10_9_x86_64.whl", hash = "sha256:2a7f23bbaeb2a87f90f607730b45564076d870f1fb07b9318d0c21f36871932b"},
    {url = "https://files.pythonhosted.org/packages/63/74/a65dc4de105d34240d7c46c246371471d64b5b163d1503f29108f1297a4d/coverage-7.0.5-cp310-cp310-manylinux_2_5_i686.manylinux1_i686.manylinux_2_17_i686.manylinux2014_i686.whl", hash = "sha256:66e50680e888840c0995f2ad766e726ce71ca682e3c5f4eee82272c7671d38a2"},
    {url = "https://files.pythonhosted.org/packages/66/c9/08ed37cdf2101a6832dfe99307fdbf6d9d5abc2070105ee061b7385a1f80/coverage-7.0.5-cp38-cp38-musllinux_1_1_aarch64.whl", hash = "sha256:17e01dd8666c445025c29684d4aabf5a90dc6ef1ab25328aa52bedaa95b65ad7"},
    {url = "https://files.pythonhosted.org/packages/6c/f4/4f4011153af468e75f9f4708953daf56c6945b3f0bf3fb813d9747f3eefa/coverage-7.0.5-cp311-cp311-win_amd64.whl", hash = "sha256:1f66862d3a41674ebd8d1a7b6f5387fe5ce353f8719040a986551a545d7d83ea"},
    {url = "https://files.pythonhosted.org/packages/71/56/29e6648e9c0542602d0989c4848e605a6e2b98af79c454b6fd1f14ed03ee/coverage-7.0.5-cp38-cp38-macosx_10_9_x86_64.whl", hash = "sha256:790e4433962c9f454e213b21b0fd4b42310ade9c077e8edcb5113db0818450cb"},
    {url = "https://files.pythonhosted.org/packages/71/5e/55d1d143327306f793fce0cb34b2a4ab0d5a1559d632ca5e327a9f9bb848/coverage-7.0.5-cp310-cp310-musllinux_1_1_aarch64.whl", hash = "sha256:d8d04e755934195bdc1db45ba9e040b8d20d046d04d6d77e71b3b34a8cc002d0"},
    {url = "https://files.pythonhosted.org/packages/7a/a8/3b985e615a9a5c255ab2782aec1259e1dc5bce82bda76459d16e0795ce33/coverage-7.0.5-cp37-cp37m-manylinux_2_17_aarch64.manylinux2014_aarch64.whl", hash = "sha256:436e103950d05b7d7f55e39beeb4d5be298ca3e119e0589c0227e6d0b01ee8c7"},
    {url = "https://files.pythonhosted.org/packages/7c/08/6e8508b6fdad45895daf46cf37a27e043e1162e1353b4f8940987bdaee1d/coverage-7.0.5-cp310-cp310-manylinux_2_17_aarch64.manylinux2014_aarch64.whl", hash = "sha256:ef14d75d86f104f03dea66c13188487151760ef25dd6b2dbd541885185f05f40"},
    {url = "https://files.pythonhosted.org/packages/82/9c/ad0cd77d84de4e561c77905a735397f27abee1a526ca715d2ec7759047ae/coverage-7.0.5-cp37-cp37m-win_amd64.whl", hash = "sha256:9e662e6fc4f513b79da5d10a23edd2b87685815b337b1a30cd11307a6679148d"},
    {url = "https://files.pythonhosted.org/packages/84/b3/992a6b222b14c99e6d4aa9f448c670a5f614648597499de6ddc11be839e3/coverage-7.0.5.tar.gz", hash = "sha256:051afcbd6d2ac39298d62d340f94dbb6a1f31de06dfaf6fcef7b759dd3860c45"},
    {url = "https://files.pythonhosted.org/packages/87/f7/6259d91f3b3a0c38337e99b85a10ebfd3e1a15273452cee72151b281e57d/coverage-7.0.5-cp310-cp310-win_amd64.whl", hash = "sha256:cbfcba14a3225b055a28b3199c3d81cd0ab37d2353ffd7f6fd64844cebab31ad"},
    {url = "https://files.pythonhosted.org/packages/88/88/1bfb18b78f068ffae4c87cb39b0351e6709ce9a655cfe6b0a7e397b669f8/coverage-7.0.5-cp311-cp311-macosx_10_9_x86_64.whl", hash = "sha256:30b5fec1d34cc932c1bc04017b538ce16bf84e239378b8f75220478645d11fca"},
    {url = "https://files.pythonhosted.org/packages/8b/e4/ca474e48fe69f2307cf9f2bb775a86130fad765b38ba9b402469d44b7893/coverage-7.0.5-cp37-cp37m-musllinux_1_1_x86_64.whl", hash = "sha256:ecb0f73954892f98611e183f50acdc9e21a4653f294dfbe079da73c6378a6f47"},
    {url = "https://files.pythonhosted.org/packages/9b/38/b407288f8142c3b14c3f36a145d1380e5750781b22997eb1b659f194b093/coverage-7.0.5-cp39-cp39-manylinux_2_5_x86_64.manylinux1_x86_64.manylinux_2_17_x86_64.manylinux2014_x86_64.whl", hash = "sha256:13250b1f0bd023e0c9f11838bdeb60214dd5b6aaf8e8d2f110c7e232a1bff83b"},
    {url = "https://files.pythonhosted.org/packages/a4/3c/662aa204ff721bbad7321908013fca51ed6b64ae24e94c699f0789528111/coverage-7.0.5-cp311-cp311-manylinux_2_5_x86_64.manylinux1_x86_64.manylinux_2_17_x86_64.manylinux2014_x86_64.whl", hash = "sha256:7b05ed4b35bf6ee790832f68932baf1f00caa32283d66cc4d455c9e9d115aafc"},
    {url = "https://files.pythonhosted.org/packages/a4/dc/3671f11710feeb83fda4b2b7a70262c6bf7e32f8a43c31fa33b5d83bac0a/coverage-7.0.5-cp311-cp311-musllinux_1_1_i686.whl", hash = "sha256:e057e74e53db78122a3979f908973e171909a58ac20df05c33998d52e6d35757"},
    {url = "https://files.pythonhosted.org/packages/a5/da/f340fca24231ca2ac91807d2ea3596be6d4effab7b870c74949b9a92dbeb/coverage-7.0.5-cp39-cp39-macosx_11_0_arm64.whl", hash = "sha256:54f7e9705e14b2c9f6abdeb127c390f679f6dbe64ba732788d3015f7f76ef637"},
    {url = "https://files.pythonhosted.org/packages/a7/15/bbea207f612ba112536bcf7a4c57529738f11fcf41b307d62459ec788ca5/coverage-7.0.5-cp39-cp39-musllinux_1_1_x86_64.whl", hash = "sha256:f26648e1b3b03b6022b48a9b910d0ae209e2d51f50441db5dce5b530fad6d9b1"},
    {url = "https://files.pythonhosted.org/packages/a8/96/e88aeefcf6aa03996a685f0dd61100a0b6ffa0e371f8a3089827595c9913/coverage-7.0.5-cp37-cp37m-manylinux_2_5_x86_64.manylinux1_x86_64.manylinux_2_17_x86_64.manylinux2014_x86_64.whl", hash = "sha256:7a38362528a9115a4e276e65eeabf67dcfaf57698e17ae388599568a78dcb029"},
    {url = "https://files.pythonhosted.org/packages/a8/98/e0308655f42fa5b1daf3574c79c32628936ed6fa11d8e8f3b970d185220a/coverage-7.0.5-cp311-cp311-musllinux_1_1_aarch64.whl", hash = "sha256:29de916ba1099ba2aab76aca101580006adfac5646de9b7c010a0f13867cba45"},
    {url = "https://files.pythonhosted.org/packages/ac/9a/5a0e4c17f105eb04caa7cd4e524a734badb6198c36617ac124002a68aa3b/coverage-7.0.5-cp39-cp39-manylinux_2_17_aarch64.manylinux2014_aarch64.whl", hash = "sha256:0ee30375b409d9a7ea0f30c50645d436b6f5dfee254edffd27e45a980ad2c7f4"},
    {url = "https://files.pythonhosted.org/packages/b6/e0/1b5b5bf33eaba010395864415aaa5c036a3fb10780cc2c92b3a8e51f035b/coverage-7.0.5-cp310-cp310-musllinux_1_1_i686.whl", hash = "sha256:7e109f1c9a3ece676597831874126555997c48f62bddbcace6ed17be3e372de8"},
    {url = "https://files.pythonhosted.org/packages/b7/fc/7deab9d5d5af9d9ac360922d088250a644a2a2d0627d70a2043b76c260cc/coverage-7.0.5-cp39-cp39-musllinux_1_1_aarch64.whl", hash = "sha256:2c407b1950b2d2ffa091f4e225ca19a66a9bd81222f27c56bd12658fc5ca1209"},
    {url = "https://files.pythonhosted.org/packages/c0/7f/7875a6e6a2522e8b7bc683be78714badd4ac8b3d90b69fc2cadc20ca4d52/coverage-7.0.5-cp310-cp310-musllinux_1_1_x86_64.whl", hash = "sha256:0a1890fca2962c4f1ad16551d660b46ea77291fba2cc21c024cd527b9d9c8809"},
    {url = "https://files.pythonhosted.org/packages/c2/46/fb2e5ea06f34fbefc6d56a49508865c0d8268a7fa4645313d3a176a41161/coverage-7.0.5-cp39-cp39-win32.whl", hash = "sha256:ba3027deb7abf02859aca49c865ece538aee56dcb4871b4cced23ba4d5088904"},
    {url = "https://files.pythonhosted.org/packages/c2/c1/daf9e61cb35b8c5b781f94b85941fbbc233502f3dfda864d83f4c677391b/coverage-7.0.5-cp39-cp39-musllinux_1_1_i686.whl", hash = "sha256:c76a3075e96b9c9ff00df8b5f7f560f5634dffd1658bafb79eb2682867e94f78"},
    {url = "https://files.pythonhosted.org/packages/c6/81/e01309e5ba812a767bfd3ef692a619ee459af4d9313e7244305561aa2341/coverage-7.0.5-cp311-cp311-manylinux_2_17_aarch64.manylinux2014_aarch64.whl", hash = "sha256:d254666d29540a72d17cc0175746cfb03d5123db33e67d1020e42dae611dc196"},
    {url = "https://files.pythonhosted.org/packages/c7/47/39dda27c8eb0729762ccd3e9ca83d2b7a6e748872cc29533fae832d929a9/coverage-7.0.5-cp37-cp37m-macosx_10_9_x86_64.whl", hash = "sha256:b69522b168a6b64edf0c33ba53eac491c0a8f5cc94fa4337f9c6f4c8f2f5296c"},
    {url = "https://files.pythonhosted.org/packages/c8/f1/701995cc6a65dbc57b6cfcd60e4d2358735c6fcec877bd8f85963eb0c48d/coverage-7.0.5-cp37-cp37m-musllinux_1_1_aarch64.whl", hash = "sha256:f67472c09a0c7486e27f3275f617c964d25e35727af952869dd496b9b5b7f6a3"},
    {url = "https://files.pythonhosted.org/packages/cc/55/40719c5b7b7503144ffcf55ead8d37c6e8ec2269293a11c5d7654caa5228/coverage-7.0.5-cp311-cp311-manylinux_2_5_i686.manylinux1_i686.manylinux_2_17_i686.manylinux2014_i686.whl", hash = "sha256:19245c249aa711d954623d94f23cc94c0fd65865661f20b7781210cb97c471c0"},
    {url = "https://files.pythonhosted.org/packages/d0/eb/52b1585f1da59f25a2d0ef79988795fa46ab99b48d44df2e38e99c725a63/coverage-7.0.5-cp38-cp38-macosx_11_0_arm64.whl", hash = "sha256:49640bda9bda35b057b0e65b7c43ba706fa2335c9a9896652aebe0fa399e80e6"},
    {url = "https://files.pythonhosted.org/packages/ea/fe/5116a0d06a3f6b61d5f147e7d968cdd472b4213f497e3d600afea3ea2f1c/coverage-7.0.5-cp310-cp310-macosx_11_0_arm64.whl", hash = "sha256:c18d47f314b950dbf24a41787ced1474e01ca816011925976d90a88b27c22b89"},
    {url = "https://files.pythonhosted.org/packages/ed/38/150ae9c3ee2f9544a1c1c50a78c98364d4e6ce9025cd647b739ec3b776b7/coverage-7.0.5-cp311-cp311-win32.whl", hash = "sha256:52ab14b9e09ce052237dfe12d6892dd39b0401690856bcfe75d5baba4bfe2831"},
    {url = "https://files.pythonhosted.org/packages/ed/75/fa4b613e2d4d8b0773ac21061cedd29a7a158ab9139c932011fdafc0cbc3/coverage-7.0.5-cp311-cp311-musllinux_1_1_x86_64.whl", hash = "sha256:411d4ff9d041be08fdfc02adf62e89c735b9468f6d8f6427f8a14b6bb0a85095"},
    {url = "https://files.pythonhosted.org/packages/ff/ff/cfb9b03d3673d24aae2a40397d812cde590e36f5e4aad3efa946910965c3/coverage-7.0.5-cp39-cp39-manylinux_2_5_i686.manylinux1_i686.manylinux_2_17_i686.manylinux2014_i686.whl", hash = "sha256:b78729038abea6a5df0d2708dce21e82073463b2d79d10884d7d591e0f385ded"},
]
"exceptiongroup 1.0.4" = [
    {url = "https://files.pythonhosted.org/packages/ce/2e/9a327cc0d2d674ee2d570ee30119755af772094edba86d721dda94404d1a/exceptiongroup-1.0.4-py3-none-any.whl", hash = "sha256:542adf9dea4055530d6e1279602fa5cb11dab2395fa650b8674eaec35fc4a828"},
    {url = "https://files.pythonhosted.org/packages/fa/e1/4f89a2608978a78876a76e69e82fa1fc5ce3fb346297eed2a51dd3df2dcf/exceptiongroup-1.0.4.tar.gz", hash = "sha256:bd14967b79cd9bdb54d97323216f8fdf533e278df937aa2a90089e7d6e06e5ec"},
]
"iniconfig 1.1.1" = [
    {url = "https://files.pythonhosted.org/packages/23/a2/97899f6bd0e873fed3a7e67ae8d3a08b21799430fb4da15cfedf10d6e2c2/iniconfig-1.1.1.tar.gz", hash = "sha256:bc3af051d7d14b2ee5ef9969666def0cd1a000e121eaea580d4a313df4b37f32"},
    {url = "https://files.pythonhosted.org/packages/9b/dd/b3c12c6d707058fa947864b67f0c4e0c39ef8610988d7baea9578f3c48f3/iniconfig-1.1.1-py2.py3-none-any.whl", hash = "sha256:011e24c64b7f47f6ebd835bb12a743f2fbe9a26d4cecaa7f53bc4f35ee9da8b3"},
]
"nepattern 0.4.2" = [
    {url = "https://files.pythonhosted.org/packages/8f/64/4cba8d82eeedaa7b58ddd819de317d82b7a70c1764b6ef9474ec7f3f3ea2/nepattern-0.4.2-py3-none-any.whl", hash = "sha256:427520c2ee475dcd7b9f852673b0a26f5396cb4742a65526a636e8d0917defea"},
    {url = "https://files.pythonhosted.org/packages/ea/70/77d40ee05885c5db32dee73ba1f893ed7f4c4b24c31108e710f5fd80071f/nepattern-0.4.2.tar.gz", hash = "sha256:3f722cf32890a016db3089818933617e73042356a8dad7a8d8ebba0dbce7731c"},
]
"packaging 21.3" = [
    {url = "https://files.pythonhosted.org/packages/05/8e/8de486cbd03baba4deef4142bd643a3e7bbe954a784dc1bb17142572d127/packaging-21.3-py3-none-any.whl", hash = "sha256:ef103e05f519cdc783ae24ea4e2e0f508a9c99b2d4969652eed6a2e1ea5bd522"},
    {url = "https://files.pythonhosted.org/packages/df/9e/d1a7217f69310c1db8fdf8ab396229f55a699ce34a203691794c5d1cad0c/packaging-21.3.tar.gz", hash = "sha256:dd47c42927d89ab911e606518907cc2d3a1f38bbd026385970643f9c5b8ecfeb"},
]
"pluggy 1.0.0" = [
    {url = "https://files.pythonhosted.org/packages/9e/01/f38e2ff29715251cf25532b9082a1589ab7e4f571ced434f98d0139336dc/pluggy-1.0.0-py2.py3-none-any.whl", hash = "sha256:74134bbf457f031a36d68416e1509f34bd5ccc019f0bcc952c7b909d06b37bd3"},
    {url = "https://files.pythonhosted.org/packages/a1/16/db2d7de3474b6e37cbb9c008965ee63835bba517e22cdb8c35b5116b5ce1/pluggy-1.0.0.tar.gz", hash = "sha256:4224373bacce55f955a878bf9cfa763c1e360858e330072059e10bad68531159"},
]
"pygments 2.14.0" = [
    {url = "https://files.pythonhosted.org/packages/0b/42/d9d95cc461f098f204cd20c85642ae40fbff81f74c300341b8d0e0df14e0/Pygments-2.14.0-py3-none-any.whl", hash = "sha256:fa7bd7bd2771287c0de303af8bfdfc731f51bd2c6a47ab69d117138893b82717"},
    {url = "https://files.pythonhosted.org/packages/da/6a/c427c06913204e24de28de5300d3f0e809933f376e0b7df95194b2bb3f71/Pygments-2.14.0.tar.gz", hash = "sha256:b3ed06a9e8ac9a9aae5a6f5dbe78a8a58655d17b43b93c078f094ddc476ae297"},
]
"pyparsing 3.0.9" = [
    {url = "https://files.pythonhosted.org/packages/6c/10/a7d0fa5baea8fe7b50f448ab742f26f52b80bfca85ac2be9d35cdd9a3246/pyparsing-3.0.9-py3-none-any.whl", hash = "sha256:5026bae9a10eeaefb61dab2f09052b9f4307d44aee4eda64b309723d8d206bbc"},
    {url = "https://files.pythonhosted.org/packages/71/22/207523d16464c40a0310d2d4d8926daffa00ac1f5b1576170a32db749636/pyparsing-3.0.9.tar.gz", hash = "sha256:2b020ecf7d21b687f219b71ecad3631f644a47f01403fa1d1036b0c6416d70fb"},
]
"pytest 7.2.1" = [
    {url = "https://files.pythonhosted.org/packages/cc/02/8f59bf194c9a1ceac6330850715e9ec11e21e2408a30a596c65d54cf4d2a/pytest-7.2.1-py3-none-any.whl", hash = "sha256:c7c6ca206e93355074ae32f7403e8ea12163b1163c976fee7d4d84027c162be5"},
    {url = "https://files.pythonhosted.org/packages/e5/6c/f3a15217ac72912c28c5d7a7a8e87ff6d6475c9530595ae9f0f8dedd8dd8/pytest-7.2.1.tar.gz", hash = "sha256:d45e0952f3727241918b8fd0f376f5ff6b301cc0777c6f9a556935c92d8a7d42"},
]
"rich 13.1.0" = [
    {url = "https://files.pythonhosted.org/packages/20/db/fb6f586e2869440d99601b30f6874842015b0c8ca1a6a094abf4e24163f5/rich-13.1.0.tar.gz", hash = "sha256:81c73a30b144bbcdedc13f4ea0b6ffd7fdc3b0d3cc259a9402309c8e4aee1964"},
    {url = "https://files.pythonhosted.org/packages/55/19/8b1ed0f3ea49306b8115afe84e8e5cd92925d732260efc75e4e3e3089bf0/rich-13.1.0-py3-none-any.whl", hash = "sha256:f846bff22a43e8508aebf3f0f2410ce1c6f4cde429098bd58d91fde038c57299"},
]
"tomli 2.0.1" = [
    {url = "https://files.pythonhosted.org/packages/97/75/10a9ebee3fd790d20926a90a2547f0bf78f371b2f13aa822c759680ca7b9/tomli-2.0.1-py3-none-any.whl", hash = "sha256:939de3e7a6161af0c887ef91b7d41a53e7c5a1ca976325f429cb46ea9bc30ecc"},
    {url = "https://files.pythonhosted.org/packages/c0/3f/d7af728f075fb08564c5949a9c95e44352e23dee646869fa104a3b2060a3/tomli-2.0.1.tar.gz", hash = "sha256:de526c12914f0c550d15924c62d72abc48d6fe7364aa87328337a31007fe8a4f"},
]
"typing-extensions 4.4.0" = [
    {url = "https://files.pythonhosted.org/packages/0b/8e/f1a0a5a76cfef77e1eb6004cb49e5f8d72634da638420b9ea492ce8305e8/typing_extensions-4.4.0-py3-none-any.whl", hash = "sha256:16fa4864408f655d35ec496218b85f79b3437c829e93320c7c9215ccfd92489e"},
    {url = "https://files.pythonhosted.org/packages/e3/a7/8f4e456ef0adac43f452efc2d0e4b242ab831297f1bac60ac815d37eb9cf/typing_extensions-4.4.0.tar.gz", hash = "sha256:1511434bb92bf8dd198c12b1cc812e800d4181cfcb867674e0f8279cc93087aa"},
]
