# This file is @generated by PDM.
# It is not intended for manual editing.

[metadata]
groups = ["default", "dev"]
strategy = ["cross_platform"]
lock_version = "4.5.0"
content_hash = "sha256:4e2f9b1286b321e0b5e0f336745f5fd6afe80dbd2ef13e89c42cfad456fd3cee"

[[metadata.targets]]
requires_python = ">=3.9"

[[package]]
name = "arclet-alconna"
version = "1.8.31"
requires_python = ">=3.9"
summary = "A High-performance, Generality, Humane Command Line Arguments Parser Library."
dependencies = [
    "nepattern<1.0.0,>=0.7.6",
    "tarina<0.7.0,>=0.6.1",
    "typing-extensions>=4.5.0",
]
files = [
    {file = "arclet_alconna-1.8.31-py3-none-any.whl", hash = "sha256:94e015163649b41af7a880fef7165ad85df6e2c812129de7d680d87d7b5e7b52"},
    {file = "arclet_alconna-1.8.31.tar.gz", hash = "sha256:2d621068fc79e2febe0cece5512bd79bb207071b8fbb56e61b2a0565489c8551"},
]

[[package]]
name = "colorama"
version = "0.4.5"
requires_python = ">=2.7, !=3.0.*, !=3.1.*, !=3.2.*, !=3.3.*, !=3.4.*"
summary = "Cross-platform colored terminal text."
files = [
    {file = "colorama-0.4.5-py2.py3-none-any.whl", hash = "sha256:854bf444933e37f5824ae7bfc1e98d5bce2ebe4160d46b5edf346a89358e99da"},
    {file = "colorama-0.4.5.tar.gz", hash = "sha256:e6c6b4334fc50988a639d9b98aa429a0b57da6e17b9a44f0451f930b6967b7a4"},
]

[[package]]
name = "coverage"
version = "7.5.3"
requires_python = ">=3.8"
summary = "Code coverage measurement for Python"
files = [
    {file = "coverage-7.5.3-cp310-cp310-macosx_10_9_x86_64.whl", hash = "sha256:a6519d917abb15e12380406d721e37613e2a67d166f9fb7e5a8ce0375744cd45"},
    {file = "coverage-7.5.3-cp310-cp310-macosx_11_0_arm64.whl", hash = "sha256:aea7da970f1feccf48be7335f8b2ca64baf9b589d79e05b9397a06696ce1a1ec"},
    {file = "coverage-7.5.3-cp310-cp310-manylinux_2_17_aarch64.manylinux2014_aarch64.whl", hash = "sha256:923b7b1c717bd0f0f92d862d1ff51d9b2b55dbbd133e05680204465f454bb286"},
    {file = "coverage-7.5.3-cp310-cp310-manylinux_2_5_i686.manylinux1_i686.manylinux_2_17_i686.manylinux2014_i686.whl", hash = "sha256:62bda40da1e68898186f274f832ef3e759ce929da9a9fd9fcf265956de269dbc"},
    {file = "coverage-7.5.3-cp310-cp310-manylinux_2_5_x86_64.manylinux1_x86_64.manylinux_2_17_x86_64.manylinux2014_x86_64.whl", hash = "sha256:d8b7339180d00de83e930358223c617cc343dd08e1aa5ec7b06c3a121aec4e1d"},
    {file = "coverage-7.5.3-cp310-cp310-musllinux_1_1_aarch64.whl", hash = "sha256:25a5caf742c6195e08002d3b6c2dd6947e50efc5fc2c2205f61ecb47592d2d83"},
    {file = "coverage-7.5.3-cp310-cp310-musllinux_1_1_i686.whl", hash = "sha256:05ac5f60faa0c704c0f7e6a5cbfd6f02101ed05e0aee4d2822637a9e672c998d"},
    {file = "coverage-7.5.3-cp310-cp310-musllinux_1_1_x86_64.whl", hash = "sha256:239a4e75e09c2b12ea478d28815acf83334d32e722e7433471fbf641c606344c"},
    {file = "coverage-7.5.3-cp310-cp310-win32.whl", hash = "sha256:a5812840d1d00eafae6585aba38021f90a705a25b8216ec7f66aebe5b619fb84"},
    {file = "coverage-7.5.3-cp310-cp310-win_amd64.whl", hash = "sha256:33ca90a0eb29225f195e30684ba4a6db05dbef03c2ccd50b9077714c48153cac"},
    {file = "coverage-7.5.3-cp311-cp311-macosx_10_9_x86_64.whl", hash = "sha256:f81bc26d609bf0fbc622c7122ba6307993c83c795d2d6f6f6fd8c000a770d974"},
    {file = "coverage-7.5.3-cp311-cp311-macosx_11_0_arm64.whl", hash = "sha256:7cec2af81f9e7569280822be68bd57e51b86d42e59ea30d10ebdbb22d2cb7232"},
    {file = "coverage-7.5.3-cp311-cp311-manylinux_2_17_aarch64.manylinux2014_aarch64.whl", hash = "sha256:55f689f846661e3f26efa535071775d0483388a1ccfab899df72924805e9e7cd"},
    {file = "coverage-7.5.3-cp311-cp311-manylinux_2_5_i686.manylinux1_i686.manylinux_2_17_i686.manylinux2014_i686.whl", hash = "sha256:50084d3516aa263791198913a17354bd1dc627d3c1639209640b9cac3fef5807"},
    {file = "coverage-7.5.3-cp311-cp311-manylinux_2_5_x86_64.manylinux1_x86_64.manylinux_2_17_x86_64.manylinux2014_x86_64.whl", hash = "sha256:341dd8f61c26337c37988345ca5c8ccabeff33093a26953a1ac72e7d0103c4fb"},
    {file = "coverage-7.5.3-cp311-cp311-musllinux_1_1_aarch64.whl", hash = "sha256:ab0b028165eea880af12f66086694768f2c3139b2c31ad5e032c8edbafca6ffc"},
    {file = "coverage-7.5.3-cp311-cp311-musllinux_1_1_i686.whl", hash = "sha256:5bc5a8c87714b0c67cfeb4c7caa82b2d71e8864d1a46aa990b5588fa953673b8"},
    {file = "coverage-7.5.3-cp311-cp311-musllinux_1_1_x86_64.whl", hash = "sha256:38a3b98dae8a7c9057bd91fbf3415c05e700a5114c5f1b5b0ea5f8f429ba6614"},
    {file = "coverage-7.5.3-cp311-cp311-win32.whl", hash = "sha256:fcf7d1d6f5da887ca04302db8e0e0cf56ce9a5e05f202720e49b3e8157ddb9a9"},
    {file = "coverage-7.5.3-cp311-cp311-win_amd64.whl", hash = "sha256:8c836309931839cca658a78a888dab9676b5c988d0dd34ca247f5f3e679f4e7a"},
    {file = "coverage-7.5.3-cp312-cp312-macosx_10_9_x86_64.whl", hash = "sha256:296a7d9bbc598e8744c00f7a6cecf1da9b30ae9ad51c566291ff1314e6cbbed8"},
    {file = "coverage-7.5.3-cp312-cp312-macosx_11_0_arm64.whl", hash = "sha256:34d6d21d8795a97b14d503dcaf74226ae51eb1f2bd41015d3ef332a24d0a17b3"},
    {file = "coverage-7.5.3-cp312-cp312-manylinux_2_17_aarch64.manylinux2014_aarch64.whl", hash = "sha256:8e317953bb4c074c06c798a11dbdd2cf9979dbcaa8ccc0fa4701d80042d4ebf1"},
    {file = "coverage-7.5.3-cp312-cp312-manylinux_2_5_i686.manylinux1_i686.manylinux_2_17_i686.manylinux2014_i686.whl", hash = "sha256:705f3d7c2b098c40f5b81790a5fedb274113373d4d1a69e65f8b68b0cc26f6db"},
    {file = "coverage-7.5.3-cp312-cp312-manylinux_2_5_x86_64.manylinux1_x86_64.manylinux_2_17_x86_64.manylinux2014_x86_64.whl", hash = "sha256:b1196e13c45e327d6cd0b6e471530a1882f1017eb83c6229fc613cd1a11b53cd"},
    {file = "coverage-7.5.3-cp312-cp312-musllinux_1_1_aarch64.whl", hash = "sha256:015eddc5ccd5364dcb902eaecf9515636806fa1e0d5bef5769d06d0f31b54523"},
    {file = "coverage-7.5.3-cp312-cp312-musllinux_1_1_i686.whl", hash = "sha256:fd27d8b49e574e50caa65196d908f80e4dff64d7e592d0c59788b45aad7e8b35"},
    {file = "coverage-7.5.3-cp312-cp312-musllinux_1_1_x86_64.whl", hash = "sha256:33fc65740267222fc02975c061eb7167185fef4cc8f2770267ee8bf7d6a42f84"},
    {file = "coverage-7.5.3-cp312-cp312-win32.whl", hash = "sha256:7b2a19e13dfb5c8e145c7a6ea959485ee8e2204699903c88c7d25283584bfc08"},
    {file = "coverage-7.5.3-cp312-cp312-win_amd64.whl", hash = "sha256:0bbddc54bbacfc09b3edaec644d4ac90c08ee8ed4844b0f86227dcda2d428fcb"},
    {file = "coverage-7.5.3-cp38-cp38-macosx_10_9_x86_64.whl", hash = "sha256:f78300789a708ac1f17e134593f577407d52d0417305435b134805c4fb135adb"},
    {file = "coverage-7.5.3-cp38-cp38-macosx_11_0_arm64.whl", hash = "sha256:b368e1aee1b9b75757942d44d7598dcd22a9dbb126affcbba82d15917f0cc155"},
    {file = "coverage-7.5.3-cp38-cp38-manylinux_2_17_aarch64.manylinux2014_aarch64.whl", hash = "sha256:f836c174c3a7f639bded48ec913f348c4761cbf49de4a20a956d3431a7c9cb24"},
    {file = "coverage-7.5.3-cp38-cp38-manylinux_2_5_i686.manylinux1_i686.manylinux_2_17_i686.manylinux2014_i686.whl", hash = "sha256:244f509f126dc71369393ce5fea17c0592c40ee44e607b6d855e9c4ac57aac98"},
    {file = "coverage-7.5.3-cp38-cp38-manylinux_2_5_x86_64.manylinux1_x86_64.manylinux_2_17_x86_64.manylinux2014_x86_64.whl", hash = "sha256:c4c2872b3c91f9baa836147ca33650dc5c172e9273c808c3c3199c75490e709d"},
    {file = "coverage-7.5.3-cp38-cp38-musllinux_1_1_aarch64.whl", hash = "sha256:dd4b3355b01273a56b20c219e74e7549e14370b31a4ffe42706a8cda91f19f6d"},
    {file = "coverage-7.5.3-cp38-cp38-musllinux_1_1_i686.whl", hash = "sha256:f542287b1489c7a860d43a7d8883e27ca62ab84ca53c965d11dac1d3a1fab7ce"},
    {file = "coverage-7.5.3-cp38-cp38-musllinux_1_1_x86_64.whl", hash = "sha256:75e3f4e86804023e991096b29e147e635f5e2568f77883a1e6eed74512659ab0"},
    {file = "coverage-7.5.3-cp38-cp38-win32.whl", hash = "sha256:c59d2ad092dc0551d9f79d9d44d005c945ba95832a6798f98f9216ede3d5f485"},
    {file = "coverage-7.5.3-cp38-cp38-win_amd64.whl", hash = "sha256:fa21a04112c59ad54f69d80e376f7f9d0f5f9123ab87ecd18fbb9ec3a2beed56"},
    {file = "coverage-7.5.3-cp39-cp39-macosx_10_9_x86_64.whl", hash = "sha256:f5102a92855d518b0996eb197772f5ac2a527c0ec617124ad5242a3af5e25f85"},
    {file = "coverage-7.5.3-cp39-cp39-macosx_11_0_arm64.whl", hash = "sha256:d1da0a2e3b37b745a2b2a678a4c796462cf753aebf94edcc87dcc6b8641eae31"},
    {file = "coverage-7.5.3-cp39-cp39-manylinux_2_17_aarch64.manylinux2014_aarch64.whl", hash = "sha256:8383a6c8cefba1b7cecc0149415046b6fc38836295bc4c84e820872eb5478b3d"},
    {file = "coverage-7.5.3-cp39-cp39-manylinux_2_5_i686.manylinux1_i686.manylinux_2_17_i686.manylinux2014_i686.whl", hash = "sha256:9aad68c3f2566dfae84bf46295a79e79d904e1c21ccfc66de88cd446f8686341"},
    {file = "coverage-7.5.3-cp39-cp39-manylinux_2_5_x86_64.manylinux1_x86_64.manylinux_2_17_x86_64.manylinux2014_x86_64.whl", hash = "sha256:2e079c9ec772fedbade9d7ebc36202a1d9ef7291bc9b3a024ca395c4d52853d7"},
    {file = "coverage-7.5.3-cp39-cp39-musllinux_1_1_aarch64.whl", hash = "sha256:bde997cac85fcac227b27d4fb2c7608a2c5f6558469b0eb704c5726ae49e1c52"},
    {file = "coverage-7.5.3-cp39-cp39-musllinux_1_1_i686.whl", hash = "sha256:990fb20b32990b2ce2c5f974c3e738c9358b2735bc05075d50a6f36721b8f303"},
    {file = "coverage-7.5.3-cp39-cp39-musllinux_1_1_x86_64.whl", hash = "sha256:3d5a67f0da401e105753d474369ab034c7bae51a4c31c77d94030d59e41df5bd"},
    {file = "coverage-7.5.3-cp39-cp39-win32.whl", hash = "sha256:e08c470c2eb01977d221fd87495b44867a56d4d594f43739a8028f8646a51e0d"},
    {file = "coverage-7.5.3-cp39-cp39-win_amd64.whl", hash = "sha256:1d2a830ade66d3563bb61d1e3c77c8def97b30ed91e166c67d0632c018f380f0"},
    {file = "coverage-7.5.3-pp38.pp39.pp310-none-any.whl", hash = "sha256:3538d8fb1ee9bdd2e2692b3b18c22bb1c19ffbefd06880f5ac496e42d7bb3884"},
    {file = "coverage-7.5.3.tar.gz", hash = "sha256:04aefca5190d1dc7a53a4c1a5a7f8568811306d7a8ee231c42fb69215571944f"},
]

[[package]]
name = "exceptiongroup"
version = "1.0.4"
requires_python = ">=3.7"
summary = "Backport of PEP 654 (exception groups)"
files = [
    {file = "exceptiongroup-1.0.4-py3-none-any.whl", hash = "sha256:542adf9dea4055530d6e1279602fa5cb11dab2395fa650b8674eaec35fc4a828"},
    {file = "exceptiongroup-1.0.4.tar.gz", hash = "sha256:bd14967b79cd9bdb54d97323216f8fdf533e278df937aa2a90089e7d6e06e5ec"},
]

[[package]]
name = "iniconfig"
version = "1.1.1"
summary = "iniconfig: brain-dead simple config-ini parsing"
files = [
    {file = "iniconfig-1.1.1-py2.py3-none-any.whl", hash = "sha256:011e24c64b7f47f6ebd835bb12a743f2fbe9a26d4cecaa7f53bc4f35ee9da8b3"},
    {file = "iniconfig-1.1.1.tar.gz", hash = "sha256:bc3af051d7d14b2ee5ef9969666def0cd1a000e121eaea580d4a313df4b37f32"},
]

[[package]]
name = "markdown-it-py"
version = "2.2.0"
requires_python = ">=3.7"
summary = "Python port of markdown-it. Markdown parsing, done right!"
dependencies = [
    "mdurl~=0.1",
    "typing-extensions>=3.7.4; python_version < \"3.8\"",
]
files = [
    {file = "markdown-it-py-2.2.0.tar.gz", hash = "sha256:7c9a5e412688bc771c67432cbfebcdd686c93ce6484913dccf06cb5a0bea35a1"},
    {file = "markdown_it_py-2.2.0-py3-none-any.whl", hash = "sha256:5a35f8d1870171d9acc47b99612dc146129b631baf04970128b568f190d0cc30"},
]

[[package]]
name = "mdurl"
version = "0.1.2"
requires_python = ">=3.7"
summary = "Markdown URL utilities"
files = [
    {file = "mdurl-0.1.2-py3-none-any.whl", hash = "sha256:84008a41e51615a49fc9966191ff91509e3c40b939176e643fd50a5c2196b8f8"},
    {file = "mdurl-0.1.2.tar.gz", hash = "sha256:bb413d29f5eea38f31dd4754dd7377d4465116fb207585f97bf925588687c1ba"},
]

[[package]]
name = "nepattern"
version = "0.7.6"
requires_python = ">=3.8"
summary = "a complex pattern, support typing"
dependencies = [
    "tarina>=0.5.1",
    "typing-extensions>=4.5.0",
]
files = [
    {file = "nepattern-0.7.6-py3-none-any.whl", hash = "sha256:233d0befecc190f228ded3651a85faaf53f1308bba40ab8ddec379d0d3c88051"},
    {file = "nepattern-0.7.6.tar.gz", hash = "sha256:07bd5b2f3b9b9739b703bf723ffd642ca93738a32df7b699d57d6f338d46bad0"},
]

[[package]]
name = "packaging"
version = "21.3"
requires_python = ">=3.6"
summary = "Core utilities for Python packages"
dependencies = [
    "pyparsing!=3.0.5,>=2.0.2",
]
files = [
    {file = "packaging-21.3-py3-none-any.whl", hash = "sha256:ef103e05f519cdc783ae24ea4e2e0f508a9c99b2d4969652eed6a2e1ea5bd522"},
    {file = "packaging-21.3.tar.gz", hash = "sha256:dd47c42927d89ab911e606518907cc2d3a1f38bbd026385970643f9c5b8ecfeb"},
]

[[package]]
name = "pluggy"
version = "1.5.0"
requires_python = ">=3.8"
summary = "plugin and hook calling mechanisms for python"
files = [
    {file = "pluggy-1.5.0-py3-none-any.whl", hash = "sha256:44e1ad92c8ca002de6377e165f3e0f1be63266ab4d554740532335b9d75ea669"},
    {file = "pluggy-1.5.0.tar.gz", hash = "sha256:2cffa88e94fdc978c4c574f15f9e59b7f4201d439195c3715ca9e2486f1d0cf1"},
]

[[package]]
name = "pygments"
version = "2.14.0"
requires_python = ">=3.6"
summary = "Pygments is a syntax highlighting package written in Python."
files = [
    {file = "Pygments-2.14.0-py3-none-any.whl", hash = "sha256:fa7bd7bd2771287c0de303af8bfdfc731f51bd2c6a47ab69d117138893b82717"},
    {file = "Pygments-2.14.0.tar.gz", hash = "sha256:b3ed06a9e8ac9a9aae5a6f5dbe78a8a58655d17b43b93c078f094ddc476ae297"},
]

[[package]]
name = "pyparsing"
version = "3.0.9"
requires_python = ">=3.6.8"
summary = "pyparsing module - Classes and methods to define and execute parsing grammars"
files = [
    {file = "pyparsing-3.0.9-py3-none-any.whl", hash = "sha256:5026bae9a10eeaefb61dab2f09052b9f4307d44aee4eda64b309723d8d206bbc"},
    {file = "pyparsing-3.0.9.tar.gz", hash = "sha256:2b020ecf7d21b687f219b71ecad3631f644a47f01403fa1d1036b0c6416d70fb"},
]

[[package]]
name = "pytest"
version = "8.2.2"
requires_python = ">=3.8"
summary = "pytest: simple powerful testing with Python"
dependencies = [
    "colorama; sys_platform == \"win32\"",
    "exceptiongroup>=1.0.0rc8; python_version < \"3.11\"",
    "iniconfig",
    "packaging",
    "pluggy<2.0,>=1.5",
    "tomli>=1; python_version < \"3.11\"",
]
files = [
    {file = "pytest-8.2.2-py3-none-any.whl", hash = "sha256:c434598117762e2bd304e526244f67bf66bbd7b5d6cf22138be51ff661980343"},
    {file = "pytest-8.2.2.tar.gz", hash = "sha256:de4bb8104e201939ccdc688b27a89a7be2079b22e2bd2b07f806b6ba71117977"},
]

[[package]]
name = "rich"
version = "13.7.1"
requires_python = ">=3.7.0"
summary = "Render rich text, tables, progress bars, syntax highlighting, markdown and more to the terminal"
dependencies = [
    "markdown-it-py>=2.2.0",
    "pygments<3.0.0,>=2.13.0",
    "typing-extensions<5.0,>=4.0.0; python_version < \"3.9\"",
]
files = [
    {file = "rich-13.7.1-py3-none-any.whl", hash = "sha256:4edbae314f59eb482f54e9e30bf00d33350aaa94f4bfcd4e9e3110e64d0d7222"},
    {file = "rich-13.7.1.tar.gz", hash = "sha256:9be308cb1fe2f1f57d67ce99e95af38a1e2bc71ad9813b0e247cf7ffbcc3a432"},
]

[[package]]
name = "tarina"
version = "0.6.1"
requires_python = ">=3.9"
summary = "A collection of common utils for Arclet"
dependencies = [
    "typing-extensions>=4.4.0",
]
files = [
    {file = "tarina-0.6.1-cp310-cp310-macosx_10_9_universal2.whl", hash = "sha256:f81108429347d78ff703061b6e071fe17183d3ec77d0e3a4386fef503ba7609e"},
    {file = "tarina-0.6.1-cp310-cp310-macosx_10_9_x86_64.whl", hash = "sha256:fc7ae6c003cd367a5e962c5c29ff525d7f4ec0ec0e040ba096aa13571ad36e25"},
    {file = "tarina-0.6.1-cp310-cp310-macosx_11_0_arm64.whl", hash = "sha256:f445dcd502de9762812c97dcd7f94ebabb33353c173f81d26e97979a080d579e"},
    {file = "tarina-0.6.1-cp310-cp310-manylinux_2_17_aarch64.manylinux2014_aarch64.whl", hash = "sha256:651faa58c8949485a72f28daa5e1f16c79e2c57ab78eebdb0c5b1e422b5e5d27"},
    {file = "tarina-0.6.1-cp310-cp310-manylinux_2_17_ppc64le.manylinux2014_ppc64le.whl", hash = "sha256:14d45da795ab3e4ef53ef0088650f31f02e5ad424ffce1f7b499ed17d56930b8"},
    {file = "tarina-0.6.1-cp310-cp310-manylinux_2_17_s390x.manylinux2014_s390x.whl", hash = "sha256:94d4b64e25f069ad912d258d360c136d96331ed8a04e590e576b5618edfda0e3"},
    {file = "tarina-0.6.1-cp310-cp310-manylinux_2_5_i686.manylinux1_i686.manylinux_2_17_i686.manylinux2014_i686.whl", hash = "sha256:c5b10559c3a4f14c051299fb8d504b6d06ecc5388fc6a58b0094450f63feeb93"},
    {file = "tarina-0.6.1-cp310-cp310-manylinux_2_5_x86_64.manylinux1_x86_64.manylinux_2_17_x86_64.manylinux2014_x86_64.whl", hash = "sha256:2600bc9e113cbe7500e7deeee79dfd8bdf539b5a9a1dd7dd39c110ceb7ce2df0"},
    {file = "tarina-0.6.1-cp310-cp310-musllinux_1_2_aarch64.whl", hash = "sha256:89fb41a2a3d0882ae3c76f59a5d59f082adc5844a1a5a9c1cd81ba392a81278d"},
    {file = "tarina-0.6.1-cp310-cp310-musllinux_1_2_i686.whl", hash = "sha256:a1592ee78428163245f610629060f1de47b4fff3ee9a459e7a2fa8a37396cfeb"},
    {file = "tarina-0.6.1-cp310-cp310-musllinux_1_2_ppc64le.whl", hash = "sha256:9fc37ec243622e05f8858382541948bc95f58529fb714eeb3edfd509862d9d25"},
    {file = "tarina-0.6.1-cp310-cp310-musllinux_1_2_s390x.whl", hash = "sha256:4eb330aa9d0253513e6946144d633abb184df6e9412824252e26df435b4c7e6a"},
    {file = "tarina-0.6.1-cp310-cp310-musllinux_1_2_x86_64.whl", hash = "sha256:2eb88f319473117c6ce3a8adb42e72a8a1deecb25cf07a3661966d76125decd1"},
    {file = "tarina-0.6.1-cp310-cp310-win32.whl", hash = "sha256:470d4cb9e77d9950ec3c502b483d7672319033d6d9412e2505556136bbef6228"},
    {file = "tarina-0.6.1-cp310-cp310-win_amd64.whl", hash = "sha256:6331774d2fc4b53a443c7aea765bc0f5325d704556f5a54c5b493548c30d248e"},
    {file = "tarina-0.6.1-cp311-cp311-macosx_10_9_universal2.whl", hash = "sha256:21d0d2668bfe266e40cfc63fcaad6d4b082d48e51d5dedef68480ce9ef93f0d1"},
    {file = "tarina-0.6.1-cp311-cp311-macosx_10_9_x86_64.whl", hash = "sha256:f89b816c22469f9f962e0546d83f2303b1ce76026ac0b01d860e78a063516ec9"},
    {file = "tarina-0.6.1-cp311-cp311-macosx_11_0_arm64.whl", hash = "sha256:257f5de5dee0989f3fae910436b1033f89d59f6daf66caeaddb442ff0f300fdd"},
    {file = "tarina-0.6.1-cp311-cp311-manylinux_2_17_aarch64.manylinux2014_aarch64.whl", hash = "sha256:89bbb091209cf901d2238c750cc7f18221363b6d4df0ca5ae349b6edcc010b92"},
    {file = "tarina-0.6.1-cp311-cp311-manylinux_2_17_ppc64le.manylinux2014_ppc64le.whl", hash = "sha256:06e63492d43591e68ec9d0c6a44182db831723def84047aad1aae0ed2f0b6887"},
    {file = "tarina-0.6.1-cp311-cp311-manylinux_2_17_s390x.manylinux2014_s390x.whl", hash = "sha256:710d80de800abc85cd5eb70e976c6faa9eeb463a819af57b24480111de1eb4f8"},
    {file = "tarina-0.6.1-cp311-cp311-manylinux_2_5_i686.manylinux1_i686.manylinux_2_17_i686.manylinux2014_i686.whl", hash = "sha256:73dabdb38b2495978dd38b49e6972326a8554c94a079cf6a76b4f51afdabe4f2"},
    {file = "tarina-0.6.1-cp311-cp311-manylinux_2_5_x86_64.manylinux1_x86_64.manylinux_2_17_x86_64.manylinux2014_x86_64.whl", hash = "sha256:168897ef791944a58aefa6107859662b678284e4a423a5004abd86404d23b422"},
    {file = "tarina-0.6.1-cp311-cp311-musllinux_1_2_aarch64.whl", hash = "sha256:444a9fae02ac1cbbd1dda606999910165dcedcf3c1dc038ae776c7a79bf6038d"},
    {file = "tarina-0.6.1-cp311-cp311-musllinux_1_2_i686.whl", hash = "sha256:5f174ce1df1f39f8ca0f4f20df86f0ed3e53d9abfd834c69647179312a4d7242"},
    {file = "tarina-0.6.1-cp311-cp311-musllinux_1_2_ppc64le.whl", hash = "sha256:cace7ab14894861e562a846f5555c6089763489ce949f8e1d7da2ab0c4d98c99"},
    {file = "tarina-0.6.1-cp311-cp311-musllinux_1_2_s390x.whl", hash = "sha256:b67ee3b1f97e89161f4e534c607d465c671c6958ebd8a8596576b589971f002f"},
    {file = "tarina-0.6.1-cp311-cp311-musllinux_1_2_x86_64.whl", hash = "sha256:bfd4f5061e9a5d557265759d7225c24ab2bd609f73826369f700c4c4f7ae99f5"},
    {file = "tarina-0.6.1-cp311-cp311-win32.whl", hash = "sha256:e0729bd693f4a33b1656e3e5740279ea13a904ea798485040ac4017b7c38ad73"},
    {file = "tarina-0.6.1-cp311-cp311-win_amd64.whl", hash = "sha256:3e2d202116fb37210bb6962f5fa9c7e5c4463c8d1ac179abf81659df287edb59"},
    {file = "tarina-0.6.1-cp312-cp312-macosx_10_13_universal2.whl", hash = "sha256:3c763640cdbd1a64c3572e101db8dd430f70e2ffb69ab1857f161d5858572b89"},
    {file = "tarina-0.6.1-cp312-cp312-macosx_10_13_x86_64.whl", hash = "sha256:516ab567580b1baad5f9caedeea5aea64c82a690c8a66b1488fddb86db7181c4"},
    {file = "tarina-0.6.1-cp312-cp312-macosx_11_0_arm64.whl", hash = "sha256:3cb0dd90866ba7041f935cbbddaecbc8a2dfedb17c4eb2d14b69aea0e9204722"},
    {file = "tarina-0.6.1-cp312-cp312-manylinux_2_17_aarch64.manylinux2014_aarch64.whl", hash = "sha256:40fb6e397ebe35935f3aa4cf6dd1635bc7481021915a3610d35a59cb33e1e1ae"},
    {file = "tarina-0.6.1-cp312-cp312-manylinux_2_17_ppc64le.manylinux2014_ppc64le.whl", hash = "sha256:5838c367f2d9819ece8343908c08f277d115b21a5d3bad18588f22dbc44f7410"},
    {file = "tarina-0.6.1-cp312-cp312-manylinux_2_17_s390x.manylinux2014_s390x.whl", hash = "sha256:b9b6870463e6bcf7e2958bccf7f2824eb4f7ffc99c88c8b27f5dd9be2fef8702"},
    {file = "tarina-0.6.1-cp312-cp312-manylinux_2_5_i686.manylinux1_i686.manylinux_2_17_i686.manylinux2014_i686.whl", hash = "sha256:4a6875f34a7f0d4e2663525a356954b0e81241e59b8e7a8df6f66f646e8ad3e7"},
    {file = "tarina-0.6.1-cp312-cp312-manylinux_2_5_x86_64.manylinux1_x86_64.manylinux_2_17_x86_64.manylinux2014_x86_64.whl", hash = "sha256:a0084193267ccc05058baffb550db7d814b3b2d8d13ee07fc363d4fe3fa947c4"},
    {file = "tarina-0.6.1-cp312-cp312-musllinux_1_2_aarch64.whl", hash = "sha256:26ca97ef07d1ebc73ce44532c19d74f0a65087ffcd4ed193186ed98b8ca6db87"},
    {file = "tarina-0.6.1-cp312-cp312-musllinux_1_2_i686.whl", hash = "sha256:bb123dde028433c612d207301d59f123a25ed25a0b2d13922b167b6595978d17"},
    {file = "tarina-0.6.1-cp312-cp312-musllinux_1_2_ppc64le.whl", hash = "sha256:3655e5cbd143be2ca7413202052f097fae36f9224cf12e5f2a790986803c5804"},
    {file = "tarina-0.6.1-cp312-cp312-musllinux_1_2_s390x.whl", hash = "sha256:fd70cf3b025de2fcc0d276e287aeafe2be3c05a0d2ef83a5b563c2f7d2bc9920"},
    {file = "tarina-0.6.1-cp312-cp312-musllinux_1_2_x86_64.whl", hash = "sha256:bfd991c93400457d2fe58461b1d300e856d7e70881699c764c6912182525e0df"},
    {file = "tarina-0.6.1-cp312-cp312-win32.whl", hash = "sha256:a422689faebe0e2b701d9ca3b1a2d172e0d7434e1159fa42782c2a957f8828be"},
    {file = "tarina-0.6.1-cp312-cp312-win_amd64.whl", hash = "sha256:3104baf80f6a9e1e0a1fb3d6fabe87f7b6bc97db7c2941267a219869628f79af"},
    {file = "tarina-0.6.1-cp313-cp313-macosx_10_13_universal2.whl", hash = "sha256:a3be9f60c4b39eae8451f6c63adbadec585146fbc2d3698b7ed81289c8cc22d2"},
    {file = "tarina-0.6.1-cp313-cp313-macosx_10_13_x86_64.whl", hash = "sha256:af8e6f999dab61d96593fad7e32fd4ffefad64813cb993a45683e83ef486e70b"},
    {file = "tarina-0.6.1-cp313-cp313-macosx_11_0_arm64.whl", hash = "sha256:b2f9c59ba6852c6cf441adf5d287fc6597a0019f80040155541b1e39dcbff20e"},
    {file = "tarina-0.6.1-cp313-cp313-manylinux_2_17_aarch64.manylinux2014_aarch64.whl", hash = "sha256:0148199bcba92ef14e639029356a65894bae33ec3872b63ad1f9a1a9130ecaec"},
    {file = "tarina-0.6.1-cp313-cp313-manylinux_2_17_ppc64le.manylinux2014_ppc64le.whl", hash = "sha256:4c69cef0e15856d4d2eb5817f00a85701f69c444e8fca0c50618d7bfde5b4104"},
    {file = "tarina-0.6.1-cp313-cp313-manylinux_2_17_s390x.manylinux2014_s390x.whl", hash = "sha256:b3c250ab55c75f073023d21118fbd706e661b76a49e4cac28a6cb71f0bf04873"},
    {file = "tarina-0.6.1-cp313-cp313-manylinux_2_5_i686.manylinux1_i686.manylinux_2_17_i686.manylinux2014_i686.whl", hash = "sha256:a06308187f13c41f857d79c0b33d407eae34c16974a03a5711aa6b3bd27c129e"},
    {file = "tarina-0.6.1-cp313-cp313-manylinux_2_5_x86_64.manylinux1_x86_64.manylinux_2_17_x86_64.manylinux2014_x86_64.whl", hash = "sha256:ea1cf6026d81be5bc186882651f99a50d19ec7de33c580635848f52ecb0286e5"},
    {file = "tarina-0.6.1-cp313-cp313-musllinux_1_2_aarch64.whl", hash = "sha256:4cfa83aa4fe0fe0d394a93a70b7ec502c734a692d6dd6dc465fd4b591a0a6411"},
    {file = "tarina-0.6.1-cp313-cp313-musllinux_1_2_i686.whl", hash = "sha256:608f74951318b2f24c83e4d11b068479363073cc7346785a7b54fe09386676e9"},
    {file = "tarina-0.6.1-cp313-cp313-musllinux_1_2_ppc64le.whl", hash = "sha256:98532739c0044a4afe8b345d6e07906a117af2d212ebe6e5fec7d3bca0b55dcb"},
    {file = "tarina-0.6.1-cp313-cp313-musllinux_1_2_s390x.whl", hash = "sha256:611f3338df2fd80261f5b979e18554d3edc5608dcf2b5873d312123142f18031"},
    {file = "tarina-0.6.1-cp313-cp313-musllinux_1_2_x86_64.whl", hash = "sha256:c76ce872ef3cb3ed3fc7cd4dc6048f210218fe26cb2b951902b7102fe94698c1"},
    {file = "tarina-0.6.1-cp313-cp313-win32.whl", hash = "sha256:3059bf2b308d9fa77be7f18506061b6a2aee4c0fd633d0281ad6b4299bc418f0"},
    {file = "tarina-0.6.1-cp313-cp313-win_amd64.whl", hash = "sha256:51aa1e65bff323838fb9205a66e5bdc299d507b8c52c62e9759949f77d68439a"},
    {file = "tarina-0.6.1-cp39-cp39-macosx_10_9_universal2.whl", hash = "sha256:dbf72954eee214be1171c4d36216e6da253a8b2ce2ca6a1509489960bee4adbd"},
    {file = "tarina-0.6.1-cp39-cp39-macosx_10_9_x86_64.whl", hash = "sha256:15b8e4ebefd74a90c73151c3020ee335b83a24cc6255a4b0a8c58a90f40e2d7d"},
    {file = "tarina-0.6.1-cp39-cp39-macosx_11_0_arm64.whl", hash = "sha256:761f61009f628a26b4ff1ed800c6b858bbc82372ba45775b19382136b48e60f8"},
    {file = "tarina-0.6.1-cp39-cp39-manylinux_2_17_aarch64.manylinux2014_aarch64.whl", hash = "sha256:98a4229f4eb15a4a9b397684173a0013b5941273c68923e7ef464111e7ccf81f"},
    {file = "tarina-0.6.1-cp39-cp39-manylinux_2_17_ppc64le.manylinux2014_ppc64le.whl", hash = "sha256:21f733def0ba7e9e4bef88bbacbfa978d1763dfc392abf8a5a3127812127d61a"},
    {file = "tarina-0.6.1-cp39-cp39-manylinux_2_17_s390x.manylinux2014_s390x.whl", hash = "sha256:e24cd3a9fed98af412a3dc8c6a82143fb00e9a448337fe846cbf36d27f002214"},
    {file = "tarina-0.6.1-cp39-cp39-manylinux_2_5_i686.manylinux1_i686.manylinux_2_17_i686.manylinux2014_i686.whl", hash = "sha256:bde8c549a5ac165acd2e7578f501477c54ce47283b1a4cc09d468f9d93990d96"},
    {file = "tarina-0.6.1-cp39-cp39-manylinux_2_5_x86_64.manylinux1_x86_64.manylinux_2_17_x86_64.manylinux2014_x86_64.whl", hash = "sha256:06f37682c6e6984ef51ee2692dc71f3949d0eb390efb660635459c53802c2948"},
    {file = "tarina-0.6.1-cp39-cp39-musllinux_1_2_aarch64.whl", hash = "sha256:0730ab7a8c0a3be19ce3e3bbfaad893c946acaa2cf2d191f5287ba35c9bf9a11"},
    {file = "tarina-0.6.1-cp39-cp39-musllinux_1_2_i686.whl", hash = "sha256:1d9186b7584d6884be799b038e7cf93011177cea2184080ff9849b17aa8ce2a6"},
    {file = "tarina-0.6.1-cp39-cp39-musllinux_1_2_ppc64le.whl", hash = "sha256:246eabe13f1496c19c6ea9e975398db5e78a936ebb784182cbfb5101593e8b8e"},
    {file = "tarina-0.6.1-cp39-cp39-musllinux_1_2_s390x.whl", hash = "sha256:835b93ee5ca9e302e993666a692b175ebc8514831c67e09368c1bf3e08d04be6"},
    {file = "tarina-0.6.1-cp39-cp39-musllinux_1_2_x86_64.whl", hash = "sha256:33539f80a6de9360f1c187370057988762d598fed5eae1f4789db4952f39a59d"},
    {file = "tarina-0.6.1-cp39-cp39-win32.whl", hash = "sha256:e260313f2d62946121df941c37a7b4521e1849fa92c65236a7f35e328e77e947"},
    {file = "tarina-0.6.1-cp39-cp39-win_amd64.whl", hash = "sha256:d59a5e3164a1c4f5095f8b8e16de1dbfd81eeb53a506a14ca1545ff7d0edbe2a"},
    {file = "tarina-0.6.1-py3-none-any.whl", hash = "sha256:cb9b95b62b2fee8fe86758af0acac147afa4646a7b0a7f272e0e74f3fc60cf3e"},
    {file = "tarina-0.6.1.tar.gz", hash = "sha256:153a415df95da7c08cf2a75a88c9f587e6d12fd8ec5caae01586bbbd2083f81c"},
]

[[package]]
name = "tomli"
version = "2.0.1"
requires_python = ">=3.7"
summary = "A lil' TOML parser"
files = [
    {file = "tomli-2.0.1-py3-none-any.whl", hash = "sha256:939de3e7a6161af0c887ef91b7d41a53e7c5a1ca976325f429cb46ea9bc30ecc"},
    {file = "tomli-2.0.1.tar.gz", hash = "sha256:de526c12914f0c550d15924c62d72abc48d6fe7364aa87328337a31007fe8a4f"},
]

[[package]]
name = "typing-extensions"
version = "4.5.0"
requires_python = ">=3.7"
summary = "Backported and Experimental Type Hints for Python 3.7+"
files = [
    {file = "typing_extensions-4.5.0-py3-none-any.whl", hash = "sha256:fb33085c39dd998ac16d1431ebc293a8b3eedd00fd4a32de0ff79002c19511b4"},
    {file = "typing_extensions-4.5.0.tar.gz", hash = "sha256:5cb5f4a79139d699607b3ef622a1dedafa84e115ab0024e0d9c044a9479ca7cb"},
]
