# This file is @generated by PDM.
# It is not intended for manual editing.

[metadata]
groups = ["default", "dev"]
cross_platform = true
static_urls = false
lock_version = "4.3"
content_hash = "sha256:e210898295f3aaaa20e928cdc351853638037ca2a2dae5b2c5db9efccc976476"

[[package]]
name = "arclet-alconna"
version = "1.7.14"
requires_python = ">=3.8"
summary = "A High-performance, Generality, Humane Command Line Arguments Parser Library."
dependencies = [
    "nepattern<0.6.0,>=0.5.8",
    "tarina>=0.3.3",
    "typing-extensions>=4.5.0",
]
files = [
    {file = "arclet_alconna-1.7.14-py3-none-any.whl", hash = "sha256:439558389a6411fd7bf3de428b084cdb0f3ce9ea8ba60cccce57687356f18f47"},
    {file = "arclet_alconna-1.7.14.tar.gz", hash = "sha256:14b39f6714f0f50851a4ceb2443b79db4f1331b9025aec179d23384e0de75296"},
]

[[package]]
name = "colorama"
version = "0.4.5"
requires_python = ">=2.7, !=3.0.*, !=3.1.*, !=3.2.*, !=3.3.*, !=3.4.*"
summary = "Cross-platform colored terminal text."
files = [
    {file = "colorama-0.4.5-py2.py3-none-any.whl", hash = "sha256:854bf444933e37f5824ae7bfc1e98d5bce2ebe4160d46b5edf346a89358e99da"},
    {file = "colorama-0.4.5.tar.gz", hash = "sha256:e6c6b4334fc50988a639d9b98aa429a0b57da6e17b9a44f0451f930b6967b7a4"},
]

[[package]]
name = "coverage"
version = "7.2.7"
requires_python = ">=3.7"
summary = "Code coverage measurement for Python"
files = [
    {file = "coverage-7.2.7-cp310-cp310-macosx_10_9_x86_64.whl", hash = "sha256:d39b5b4f2a66ccae8b7263ac3c8170994b65266797fb96cbbfd3fb5b23921db8"},
    {file = "coverage-7.2.7-cp310-cp310-macosx_11_0_arm64.whl", hash = "sha256:6d040ef7c9859bb11dfeb056ff5b3872436e3b5e401817d87a31e1750b9ae2fb"},
    {file = "coverage-7.2.7-cp310-cp310-manylinux_2_17_aarch64.manylinux2014_aarch64.whl", hash = "sha256:ba90a9563ba44a72fda2e85302c3abc71c5589cea608ca16c22b9804262aaeb6"},
    {file = "coverage-7.2.7-cp310-cp310-manylinux_2_5_i686.manylinux1_i686.manylinux_2_17_i686.manylinux2014_i686.whl", hash = "sha256:e7d9405291c6928619403db1d10bd07888888ec1abcbd9748fdaa971d7d661b2"},
    {file = "coverage-7.2.7-cp310-cp310-manylinux_2_5_x86_64.manylinux1_x86_64.manylinux_2_17_x86_64.manylinux2014_x86_64.whl", hash = "sha256:31563e97dae5598556600466ad9beea39fb04e0229e61c12eaa206e0aa202063"},
    {file = "coverage-7.2.7-cp310-cp310-musllinux_1_1_aarch64.whl", hash = "sha256:ebba1cd308ef115925421d3e6a586e655ca5a77b5bf41e02eb0e4562a111f2d1"},
    {file = "coverage-7.2.7-cp310-cp310-musllinux_1_1_i686.whl", hash = "sha256:cb017fd1b2603ef59e374ba2063f593abe0fc45f2ad9abdde5b4d83bd922a353"},
    {file = "coverage-7.2.7-cp310-cp310-musllinux_1_1_x86_64.whl", hash = "sha256:d62a5c7dad11015c66fbb9d881bc4caa5b12f16292f857842d9d1871595f4495"},
    {file = "coverage-7.2.7-cp310-cp310-win32.whl", hash = "sha256:ee57190f24fba796e36bb6d3aa8a8783c643d8fa9760c89f7a98ab5455fbf818"},
    {file = "coverage-7.2.7-cp310-cp310-win_amd64.whl", hash = "sha256:f75f7168ab25dd93110c8a8117a22450c19976afbc44234cbf71481094c1b850"},
    {file = "coverage-7.2.7-cp311-cp311-macosx_10_9_x86_64.whl", hash = "sha256:06a9a2be0b5b576c3f18f1a241f0473575c4a26021b52b2a85263a00f034d51f"},
    {file = "coverage-7.2.7-cp311-cp311-macosx_11_0_arm64.whl", hash = "sha256:5baa06420f837184130752b7c5ea0808762083bf3487b5038d68b012e5937dbe"},
    {file = "coverage-7.2.7-cp311-cp311-manylinux_2_17_aarch64.manylinux2014_aarch64.whl", hash = "sha256:fdec9e8cbf13a5bf63290fc6013d216a4c7232efb51548594ca3631a7f13c3a3"},
    {file = "coverage-7.2.7-cp311-cp311-manylinux_2_5_i686.manylinux1_i686.manylinux_2_17_i686.manylinux2014_i686.whl", hash = "sha256:52edc1a60c0d34afa421c9c37078817b2e67a392cab17d97283b64c5833f427f"},
    {file = "coverage-7.2.7-cp311-cp311-manylinux_2_5_x86_64.manylinux1_x86_64.manylinux_2_17_x86_64.manylinux2014_x86_64.whl", hash = "sha256:63426706118b7f5cf6bb6c895dc215d8a418d5952544042c8a2d9fe87fcf09cb"},
    {file = "coverage-7.2.7-cp311-cp311-musllinux_1_1_aarch64.whl", hash = "sha256:afb17f84d56068a7c29f5fa37bfd38d5aba69e3304af08ee94da8ed5b0865833"},
    {file = "coverage-7.2.7-cp311-cp311-musllinux_1_1_i686.whl", hash = "sha256:48c19d2159d433ccc99e729ceae7d5293fbffa0bdb94952d3579983d1c8c9d97"},
    {file = "coverage-7.2.7-cp311-cp311-musllinux_1_1_x86_64.whl", hash = "sha256:0e1f928eaf5469c11e886fe0885ad2bf1ec606434e79842a879277895a50942a"},
    {file = "coverage-7.2.7-cp311-cp311-win32.whl", hash = "sha256:33d6d3ea29d5b3a1a632b3c4e4f4ecae24ef170b0b9ee493883f2df10039959a"},
    {file = "coverage-7.2.7-cp311-cp311-win_amd64.whl", hash = "sha256:5b7540161790b2f28143191f5f8ec02fb132660ff175b7747b95dcb77ac26562"},
    {file = "coverage-7.2.7-cp312-cp312-macosx_10_9_x86_64.whl", hash = "sha256:f2f67fe12b22cd130d34d0ef79206061bfb5eda52feb6ce0dba0644e20a03cf4"},
    {file = "coverage-7.2.7-cp312-cp312-manylinux_2_17_aarch64.manylinux2014_aarch64.whl", hash = "sha256:a342242fe22407f3c17f4b499276a02b01e80f861f1682ad1d95b04018e0c0d4"},
    {file = "coverage-7.2.7-cp312-cp312-manylinux_2_5_i686.manylinux1_i686.manylinux_2_17_i686.manylinux2014_i686.whl", hash = "sha256:171717c7cb6b453aebac9a2ef603699da237f341b38eebfee9be75d27dc38e01"},
    {file = "coverage-7.2.7-cp312-cp312-manylinux_2_5_x86_64.manylinux1_x86_64.manylinux_2_17_x86_64.manylinux2014_x86_64.whl", hash = "sha256:49969a9f7ffa086d973d91cec8d2e31080436ef0fb4a359cae927e742abfaaa6"},
    {file = "coverage-7.2.7-cp312-cp312-musllinux_1_1_aarch64.whl", hash = "sha256:b46517c02ccd08092f4fa99f24c3b83d8f92f739b4657b0f146246a0ca6a831d"},
    {file = "coverage-7.2.7-cp312-cp312-musllinux_1_1_i686.whl", hash = "sha256:a3d33a6b3eae87ceaefa91ffdc130b5e8536182cd6dfdbfc1aa56b46ff8c86de"},
    {file = "coverage-7.2.7-cp312-cp312-musllinux_1_1_x86_64.whl", hash = "sha256:976b9c42fb2a43ebf304fa7d4a310e5f16cc99992f33eced91ef6f908bd8f33d"},
    {file = "coverage-7.2.7-cp312-cp312-win32.whl", hash = "sha256:8de8bb0e5ad103888d65abef8bca41ab93721647590a3f740100cd65c3b00511"},
    {file = "coverage-7.2.7-cp312-cp312-win_amd64.whl", hash = "sha256:9e31cb64d7de6b6f09702bb27c02d1904b3aebfca610c12772452c4e6c21a0d3"},
    {file = "coverage-7.2.7-cp38-cp38-macosx_10_9_x86_64.whl", hash = "sha256:54b896376ab563bd38453cecb813c295cf347cf5906e8b41d340b0321a5433e5"},
    {file = "coverage-7.2.7-cp38-cp38-macosx_11_0_arm64.whl", hash = "sha256:3d376df58cc111dc8e21e3b6e24606b5bb5dee6024f46a5abca99124b2229ef5"},
    {file = "coverage-7.2.7-cp38-cp38-manylinux_2_17_aarch64.manylinux2014_aarch64.whl", hash = "sha256:5e330fc79bd7207e46c7d7fd2bb4af2963f5f635703925543a70b99574b0fea9"},
    {file = "coverage-7.2.7-cp38-cp38-manylinux_2_5_i686.manylinux1_i686.manylinux_2_17_i686.manylinux2014_i686.whl", hash = "sha256:1e9d683426464e4a252bf70c3498756055016f99ddaec3774bf368e76bbe02b6"},
    {file = "coverage-7.2.7-cp38-cp38-manylinux_2_5_x86_64.manylinux1_x86_64.manylinux_2_17_x86_64.manylinux2014_x86_64.whl", hash = "sha256:8d13c64ee2d33eccf7437961b6ea7ad8673e2be040b4f7fd4fd4d4d28d9ccb1e"},
    {file = "coverage-7.2.7-cp38-cp38-musllinux_1_1_aarch64.whl", hash = "sha256:b7aa5f8a41217360e600da646004f878250a0d6738bcdc11a0a39928d7dc2050"},
    {file = "coverage-7.2.7-cp38-cp38-musllinux_1_1_i686.whl", hash = "sha256:8fa03bce9bfbeeef9f3b160a8bed39a221d82308b4152b27d82d8daa7041fee5"},
    {file = "coverage-7.2.7-cp38-cp38-musllinux_1_1_x86_64.whl", hash = "sha256:245167dd26180ab4c91d5e1496a30be4cd721a5cf2abf52974f965f10f11419f"},
    {file = "coverage-7.2.7-cp38-cp38-win32.whl", hash = "sha256:d2c2db7fd82e9b72937969bceac4d6ca89660db0a0967614ce2481e81a0b771e"},
    {file = "coverage-7.2.7-cp38-cp38-win_amd64.whl", hash = "sha256:2e07b54284e381531c87f785f613b833569c14ecacdcb85d56b25c4622c16c3c"},
    {file = "coverage-7.2.7-cp39-cp39-macosx_10_9_x86_64.whl", hash = "sha256:537891ae8ce59ef63d0123f7ac9e2ae0fc8b72c7ccbe5296fec45fd68967b6c9"},
    {file = "coverage-7.2.7-cp39-cp39-macosx_11_0_arm64.whl", hash = "sha256:06fb182e69f33f6cd1d39a6c597294cff3143554b64b9825d1dc69d18cc2fff2"},
    {file = "coverage-7.2.7-cp39-cp39-manylinux_2_17_aarch64.manylinux2014_aarch64.whl", hash = "sha256:201e7389591af40950a6480bd9edfa8ed04346ff80002cec1a66cac4549c1ad7"},
    {file = "coverage-7.2.7-cp39-cp39-manylinux_2_5_i686.manylinux1_i686.manylinux_2_17_i686.manylinux2014_i686.whl", hash = "sha256:f6951407391b639504e3b3be51b7ba5f3528adbf1a8ac3302b687ecababf929e"},
    {file = "coverage-7.2.7-cp39-cp39-manylinux_2_5_x86_64.manylinux1_x86_64.manylinux_2_17_x86_64.manylinux2014_x86_64.whl", hash = "sha256:6f48351d66575f535669306aa7d6d6f71bc43372473b54a832222803eb956fd1"},
    {file = "coverage-7.2.7-cp39-cp39-musllinux_1_1_aarch64.whl", hash = "sha256:b29019c76039dc3c0fd815c41392a044ce555d9bcdd38b0fb60fb4cd8e475ba9"},
    {file = "coverage-7.2.7-cp39-cp39-musllinux_1_1_i686.whl", hash = "sha256:81c13a1fc7468c40f13420732805a4c38a105d89848b7c10af65a90beff25250"},
    {file = "coverage-7.2.7-cp39-cp39-musllinux_1_1_x86_64.whl", hash = "sha256:975d70ab7e3c80a3fe86001d8751f6778905ec723f5b110aed1e450da9d4b7f2"},
    {file = "coverage-7.2.7-cp39-cp39-win32.whl", hash = "sha256:7ee7d9d4822c8acc74a5e26c50604dff824710bc8de424904c0982e25c39c6cb"},
    {file = "coverage-7.2.7-cp39-cp39-win_amd64.whl", hash = "sha256:eb393e5ebc85245347950143969b241d08b52b88a3dc39479822e073a1a8eb27"},
    {file = "coverage-7.2.7-pp37.pp38.pp39-none-any.whl", hash = "sha256:b7b4c971f05e6ae490fef852c218b0e79d4e52f79ef0c8475566584a8fb3e01d"},
    {file = "coverage-7.2.7.tar.gz", hash = "sha256:924d94291ca674905fe9481f12294eb11f2d3d3fd1adb20314ba89e94f44ed59"},
]

[[package]]
name = "exceptiongroup"
version = "1.0.4"
requires_python = ">=3.7"
summary = "Backport of PEP 654 (exception groups)"
files = [
    {file = "exceptiongroup-1.0.4-py3-none-any.whl", hash = "sha256:542adf9dea4055530d6e1279602fa5cb11dab2395fa650b8674eaec35fc4a828"},
    {file = "exceptiongroup-1.0.4.tar.gz", hash = "sha256:bd14967b79cd9bdb54d97323216f8fdf533e278df937aa2a90089e7d6e06e5ec"},
]

[[package]]
name = "iniconfig"
version = "1.1.1"
summary = "iniconfig: brain-dead simple config-ini parsing"
files = [
    {file = "iniconfig-1.1.1-py2.py3-none-any.whl", hash = "sha256:011e24c64b7f47f6ebd835bb12a743f2fbe9a26d4cecaa7f53bc4f35ee9da8b3"},
    {file = "iniconfig-1.1.1.tar.gz", hash = "sha256:bc3af051d7d14b2ee5ef9969666def0cd1a000e121eaea580d4a313df4b37f32"},
]

[[package]]
name = "markdown-it-py"
version = "2.2.0"
requires_python = ">=3.7"
summary = "Python port of markdown-it. Markdown parsing, done right!"
dependencies = [
    "mdurl~=0.1",
]
files = [
    {file = "markdown-it-py-2.2.0.tar.gz", hash = "sha256:7c9a5e412688bc771c67432cbfebcdd686c93ce6484913dccf06cb5a0bea35a1"},
    {file = "markdown_it_py-2.2.0-py3-none-any.whl", hash = "sha256:5a35f8d1870171d9acc47b99612dc146129b631baf04970128b568f190d0cc30"},
]

[[package]]
name = "mdurl"
version = "0.1.2"
requires_python = ">=3.7"
summary = "Markdown URL utilities"
files = [
    {file = "mdurl-0.1.2-py3-none-any.whl", hash = "sha256:84008a41e51615a49fc9966191ff91509e3c40b939176e643fd50a5c2196b8f8"},
    {file = "mdurl-0.1.2.tar.gz", hash = "sha256:bb413d29f5eea38f31dd4754dd7377d4465116fb207585f97bf925588687c1ba"},
]

[[package]]
name = "nepattern"
version = "0.5.12"
requires_python = ">=3.8"
summary = "a complex pattern, support typing"
dependencies = [
    "tarina>=0.3.3",
    "typing-extensions>=4.5.0",
]
files = [
    {file = "nepattern-0.5.12-py3-none-any.whl", hash = "sha256:a381e6dd8a310125cefb033e37c5df3b1c6dc40ced5fd9486c3685744cec1b16"},
    {file = "nepattern-0.5.12.tar.gz", hash = "sha256:d8ca534ecc94444e1fa2d060e6394cf1c8d52044ea12add506556c19d66fb0e7"},
]

[[package]]
name = "packaging"
version = "21.3"
requires_python = ">=3.6"
summary = "Core utilities for Python packages"
dependencies = [
    "pyparsing!=3.0.5,>=2.0.2",
]
files = [
    {file = "packaging-21.3-py3-none-any.whl", hash = "sha256:ef103e05f519cdc783ae24ea4e2e0f508a9c99b2d4969652eed6a2e1ea5bd522"},
    {file = "packaging-21.3.tar.gz", hash = "sha256:dd47c42927d89ab911e606518907cc2d3a1f38bbd026385970643f9c5b8ecfeb"},
]

[[package]]
name = "pluggy"
version = "1.0.0"
requires_python = ">=3.6"
summary = "plugin and hook calling mechanisms for python"
files = [
    {file = "pluggy-1.0.0-py2.py3-none-any.whl", hash = "sha256:74134bbf457f031a36d68416e1509f34bd5ccc019f0bcc952c7b909d06b37bd3"},
    {file = "pluggy-1.0.0.tar.gz", hash = "sha256:4224373bacce55f955a878bf9cfa763c1e360858e330072059e10bad68531159"},
]

[[package]]
name = "pygments"
version = "2.14.0"
requires_python = ">=3.6"
summary = "Pygments is a syntax highlighting package written in Python."
files = [
    {file = "Pygments-2.14.0-py3-none-any.whl", hash = "sha256:fa7bd7bd2771287c0de303af8bfdfc731f51bd2c6a47ab69d117138893b82717"},
    {file = "Pygments-2.14.0.tar.gz", hash = "sha256:b3ed06a9e8ac9a9aae5a6f5dbe78a8a58655d17b43b93c078f094ddc476ae297"},
]

[[package]]
name = "pyparsing"
version = "3.0.9"
requires_python = ">=3.6.8"
summary = "pyparsing module - Classes and methods to define and execute parsing grammars"
files = [
    {file = "pyparsing-3.0.9-py3-none-any.whl", hash = "sha256:5026bae9a10eeaefb61dab2f09052b9f4307d44aee4eda64b309723d8d206bbc"},
    {file = "pyparsing-3.0.9.tar.gz", hash = "sha256:2b020ecf7d21b687f219b71ecad3631f644a47f01403fa1d1036b0c6416d70fb"},
]

[[package]]
name = "pytest"
version = "7.4.0"
requires_python = ">=3.7"
summary = "pytest: simple powerful testing with Python"
dependencies = [
    "colorama; sys_platform == \"win32\"",
    "exceptiongroup>=1.0.0rc8; python_version < \"3.11\"",
    "iniconfig",
    "packaging",
    "pluggy<2.0,>=0.12",
    "tomli>=1.0.0; python_version < \"3.11\"",
]
files = [
    {file = "pytest-7.4.0-py3-none-any.whl", hash = "sha256:78bf16451a2eb8c7a2ea98e32dc119fd2aa758f1d5d66dbf0a59d69a3969df32"},
    {file = "pytest-7.4.0.tar.gz", hash = "sha256:b4bf8c45bd59934ed84001ad51e11b4ee40d40a1229d2c79f9c592b0a3f6bd8a"},
]

[[package]]
name = "rich"
version = "13.5.2"
requires_python = ">=3.7.0"
summary = "Render rich text, tables, progress bars, syntax highlighting, markdown and more to the terminal"
dependencies = [
    "markdown-it-py>=2.2.0",
    "pygments<3.0.0,>=2.13.0",
    "typing-extensions<5.0,>=4.0.0; python_version < \"3.9\"",
]
files = [
    {file = "rich-13.5.2-py3-none-any.whl", hash = "sha256:146a90b3b6b47cac4a73c12866a499e9817426423f57c5a66949c086191a8808"},
    {file = "rich-13.5.2.tar.gz", hash = "sha256:fb9d6c0a0f643c99eed3875b5377a184132ba9be4d61516a55273d3554d75a39"},
]

[[package]]
name = "tarina"
version = "0.3.3"
requires_python = ">=3.8"
summary = "A collection of common utils for Arclet"
dependencies = [
    "typing-extensions>=4.4.0",
]
files = [
    {file = "tarina-0.3.3-cp310-cp310-macosx_10_9_universal2.whl", hash = "sha256:de2429a632f31b09bdb2d5f668311d7de4882f1ac3ebc5022decf647f900af5a"},
    {file = "tarina-0.3.3-cp310-cp310-macosx_10_9_x86_64.whl", hash = "sha256:f56b904a451e287e6251c1312be628afddf670bfa87841b5b1c32d324a1c7c43"},
    {file = "tarina-0.3.3-cp310-cp310-macosx_11_0_arm64.whl", hash = "sha256:2c643c1e384e206af3ba2eb7142f6b3680d51d0b51e01a61bbf1f3350040c791"},
    {file = "tarina-0.3.3-cp310-cp310-manylinux_2_5_i686.manylinux1_i686.manylinux_2_17_i686.manylinux2014_i686.whl", hash = "sha256:ae87c40c09a62b0898267fb4cbeaece3ca2d7bd8cd2f50c8ecb19583cca3fa64"},
    {file = "tarina-0.3.3-cp310-cp310-manylinux_2_5_x86_64.manylinux1_x86_64.manylinux_2_17_x86_64.manylinux2014_x86_64.whl", hash = "sha256:201e31c7b694132ce67662f63142b33e45835223a753fd5f4d301da5ac021b5e"},
    {file = "tarina-0.3.3-cp310-cp310-musllinux_1_1_i686.whl", hash = "sha256:9b9a99acff1e6391c593f449ae76848471d34688f04eecf7d3ba0725157563c7"},
    {file = "tarina-0.3.3-cp310-cp310-musllinux_1_1_x86_64.whl", hash = "sha256:3c4cec6381869116c7a8f7d9b0cb7433967f5b324faa9fc2e4784fdb9bab79f8"},
    {file = "tarina-0.3.3-cp310-cp310-win32.whl", hash = "sha256:ca4b1978614dbb5f30c4378be1ad4f4aa6fb227cdf32740964ee9760d6a8e3a9"},
    {file = "tarina-0.3.3-cp310-cp310-win_amd64.whl", hash = "sha256:efa6e1ab03c1948e3efd4645b8960dd312407e029462726a9e77822261a6be3d"},
    {file = "tarina-0.3.3-cp311-cp311-macosx_10_9_universal2.whl", hash = "sha256:e1d28e974fe5915dde245019430f248ddbdd91e8df1dec53306448cc24f4d9a8"},
    {file = "tarina-0.3.3-cp311-cp311-macosx_10_9_x86_64.whl", hash = "sha256:a14079252a54501285956f1e96004477af8b9ae64a575f561b99bfa778c01707"},
    {file = "tarina-0.3.3-cp311-cp311-macosx_11_0_arm64.whl", hash = "sha256:4dcc7112b927a023a635528566b62beb7a99f72f2b9e88fde29fafb61136a579"},
    {file = "tarina-0.3.3-cp311-cp311-manylinux_2_5_i686.manylinux1_i686.manylinux_2_17_i686.manylinux2014_i686.whl", hash = "sha256:7546e4cefadcc5f163611b0af8af2391b711c337d7a0d32a3977ec0bf3e8c87d"},
    {file = "tarina-0.3.3-cp311-cp311-manylinux_2_5_x86_64.manylinux1_x86_64.manylinux_2_17_x86_64.manylinux2014_x86_64.whl", hash = "sha256:aa2897e7cad66be833c2e392181ecff33e59038bf85cf18000c3e48c2ee85fde"},
    {file = "tarina-0.3.3-cp311-cp311-musllinux_1_1_i686.whl", hash = "sha256:fbcaa4a6c57528ed23199f778445d20215cc2421c1d494dedbe671164bd29dc5"},
    {file = "tarina-0.3.3-cp311-cp311-musllinux_1_1_x86_64.whl", hash = "sha256:6471aef032461a6917a24af1fb9952bfb5c9bbe26999ea87455bf43157687097"},
    {file = "tarina-0.3.3-cp311-cp311-win32.whl", hash = "sha256:87da7c87f448180712c02f6345c686742d9e755d58bb32f70c1bf680e1ae0684"},
    {file = "tarina-0.3.3-cp311-cp311-win_amd64.whl", hash = "sha256:730a8fc6dc71adf09197a73ef1e39978e5fe7ec3b7be9a5060905fe48baf27ec"},
    {file = "tarina-0.3.3-cp38-cp38-macosx_10_9_universal2.whl", hash = "sha256:3cfb1cb0b6eabcd745d083d6031bab3319e46da94ca1df62cea1bbcc1abe3159"},
    {file = "tarina-0.3.3-cp38-cp38-macosx_10_9_x86_64.whl", hash = "sha256:6c1ff19bf0b6e554d2fb3d6db35d74553a02b3781167370d11bc950f92fb33ba"},
    {file = "tarina-0.3.3-cp38-cp38-macosx_11_0_arm64.whl", hash = "sha256:ecb4cbe65fe9b4e4c91ededb9d6941aae80b6827f07827e12e7ba3f7c3109c02"},
    {file = "tarina-0.3.3-cp38-cp38-manylinux_2_5_i686.manylinux1_i686.manylinux_2_17_i686.manylinux2014_i686.whl", hash = "sha256:35dc66fb6baac12fca363380ff12fd27164481f281f82ac2282e500b53fef961"},
    {file = "tarina-0.3.3-cp38-cp38-manylinux_2_5_x86_64.manylinux1_x86_64.manylinux_2_17_x86_64.manylinux2014_x86_64.whl", hash = "sha256:d33bcfaad022214a5a534c065b69c14ad9f2e53aa03198d6de0216e173fec98b"},
    {file = "tarina-0.3.3-cp38-cp38-musllinux_1_1_i686.whl", hash = "sha256:934d970d4f355fe0042325f1c50c4ff885fa6d114c9c4b062a293f8d378b70f8"},
    {file = "tarina-0.3.3-cp38-cp38-musllinux_1_1_x86_64.whl", hash = "sha256:d2c3c7808a3984f00b16f101c36443a042d3abc8ff5d5e84b9cb3fabebb330b1"},
    {file = "tarina-0.3.3-cp38-cp38-win32.whl", hash = "sha256:5ec78f0d8bc5b529502e1be20bb8dc628ff1a6c5e31941f9572c105c6fe591b1"},
    {file = "tarina-0.3.3-cp38-cp38-win_amd64.whl", hash = "sha256:ff5e49a37d6d72a392f8a84c6808f7cc00494352d9e459a0a3921e587b2ecb3f"},
    {file = "tarina-0.3.3-cp39-cp39-macosx_10_9_universal2.whl", hash = "sha256:5195c7f9fa2313bdf422c24b8ed0b8d9549c4e46afc0c96eeaefdf1d2caa30e9"},
    {file = "tarina-0.3.3-cp39-cp39-macosx_10_9_x86_64.whl", hash = "sha256:788001d26cb84a752df569aef900387ac4d9b2273b38b9ed26f6d56b4644aa06"},
    {file = "tarina-0.3.3-cp39-cp39-macosx_11_0_arm64.whl", hash = "sha256:ccb1090fccd3dea3596bdea5ac80b7379663741dd5023b97840dca968f4081bd"},
    {file = "tarina-0.3.3-cp39-cp39-manylinux_2_5_i686.manylinux1_i686.manylinux_2_17_i686.manylinux2014_i686.whl", hash = "sha256:c5e2e0f5a3760823b23cc3fe49d01c0a75d482560c60934764e2142d187e553b"},
    {file = "tarina-0.3.3-cp39-cp39-manylinux_2_5_x86_64.manylinux1_x86_64.manylinux_2_17_x86_64.manylinux2014_x86_64.whl", hash = "sha256:dd778f324c512403afa3973661c480d6529a403435d205ee7bf7fc586894f4c1"},
    {file = "tarina-0.3.3-cp39-cp39-musllinux_1_1_i686.whl", hash = "sha256:1f78d6f75da0d34061ade10d0e1aeec3018a4d36836568085a4eb79fef65bb7e"},
    {file = "tarina-0.3.3-cp39-cp39-musllinux_1_1_x86_64.whl", hash = "sha256:3efce03c7a46118afd009dc56169030dc8b698f6da20fce25cd0139530525d80"},
    {file = "tarina-0.3.3-cp39-cp39-win32.whl", hash = "sha256:f6b7fc1799a70cc14548086602a2343562de722c490649c4bf2e74eb7c542c04"},
    {file = "tarina-0.3.3-cp39-cp39-win_amd64.whl", hash = "sha256:9f8a0a505a9b226d1d45483fac105c55407c13a95449e15562601128dc2359d1"},
    {file = "tarina-0.3.3-py3-none-any.whl", hash = "sha256:0547c75e3e53ca202c420e6d829d5bcf5758e478fc5964b92f9de2f838cfb12a"},
    {file = "tarina-0.3.3.tar.gz", hash = "sha256:ac9faf7569021cfa137a9cee1be5185bae9ff4e4e6a5b93c66abdf056d1e04fa"},
]

[[package]]
name = "tomli"
version = "2.0.1"
requires_python = ">=3.7"
summary = "A lil' TOML parser"
files = [
    {file = "tomli-2.0.1-py3-none-any.whl", hash = "sha256:939de3e7a6161af0c887ef91b7d41a53e7c5a1ca976325f429cb46ea9bc30ecc"},
    {file = "tomli-2.0.1.tar.gz", hash = "sha256:de526c12914f0c550d15924c62d72abc48d6fe7364aa87328337a31007fe8a4f"},
]

[[package]]
name = "typing-extensions"
version = "4.5.0"
requires_python = ">=3.7"
summary = "Backported and Experimental Type Hints for Python 3.7+"
files = [
    {file = "typing_extensions-4.5.0-py3-none-any.whl", hash = "sha256:fb33085c39dd998ac16d1431ebc293a8b3eedd00fd4a32de0ff79002c19511b4"},
    {file = "typing_extensions-4.5.0.tar.gz", hash = "sha256:5cb5f4a79139d699607b3ef622a1dedafa84e115ab0024e0d9c044a9479ca7cb"},
]
